PODS:
  - boost-for-react-native (1.63.0)
  - DoubleConversion (1.1.6)
  - FBLazyVector (0.64.1)
  - FBReactNativeSpec (0.64.1):
    - RCT-Folly (= 2020.01.13.00)
    - RCTRequired (= 0.64.1)
    - RCTTypeSafety (= 0.64.1)
    - React-Core (= 0.64.1)
    - React-jsi (= 0.64.1)
    - ReactCommon/turbomodule/core (= 0.64.1)
  - glog (0.3.5)
  - RCT-Folly (2020.01.13.00):
    - boost-for-react-native
    - DoubleConversion
    - glog
    - RCT-Folly/Default (= 2020.01.13.00)
  - RCT-Folly/Default (2020.01.13.00):
    - boost-for-react-native
    - DoubleConversion
    - glog
  - RCTRequired (0.64.1)
  - RCTTypeSafety (0.64.1):
    - FBLazyVector (= 0.64.1)
    - RCT-Folly (= 2020.01.13.00)
    - RCTRequired (= 0.64.1)
    - React-Core (= 0.64.1)
  - React (0.64.1):
    - React-Core (= 0.64.1)
    - React-Core/DevSupport (= 0.64.1)
    - React-Core/RCTWebSocket (= 0.64.1)
    - React-RCTActionSheet (= 0.64.1)
    - React-RCTAnimation (= 0.64.1)
    - React-RCTBlob (= 0.64.1)
    - React-RCTImage (= 0.64.1)
    - React-RCTLinking (= 0.64.1)
    - React-RCTNetwork (= 0.64.1)
    - React-RCTSettings (= 0.64.1)
    - React-RCTText (= 0.64.1)
    - React-RCTVibration (= 0.64.1)
  - React-callinvoker (0.64.1)
  - React-Core (0.64.1):
    - glog
    - RCT-Folly (= 2020.01.13.00)
    - React-Core/Default (= 0.64.1)
    - React-cxxreact (= 0.64.1)
    - React-jsi (= 0.64.1)
    - React-jsiexecutor (= 0.64.1)
    - React-perflogger (= 0.64.1)
    - Yoga
  - React-Core/CoreModulesHeaders (0.64.1):
    - glog
    - RCT-Folly (= 2020.01.13.00)
    - React-Core/Default
    - React-cxxreact (= 0.64.1)
    - React-jsi (= 0.64.1)
    - React-jsiexecutor (= 0.64.1)
    - React-perflogger (= 0.64.1)
    - Yoga
  - React-Core/Default (0.64.1):
    - glog
    - RCT-Folly (= 2020.01.13.00)
    - React-cxxreact (= 0.64.1)
    - React-jsi (= 0.64.1)
    - React-jsiexecutor (= 0.64.1)
    - React-perflogger (= 0.64.1)
    - Yoga
  - React-Core/DevSupport (0.64.1):
    - glog
    - RCT-Folly (= 2020.01.13.00)
    - React-Core/Default (= 0.64.1)
    - React-Core/RCTWebSocket (= 0.64.1)
    - React-cxxreact (= 0.64.1)
    - React-jsi (= 0.64.1)
    - React-jsiexecutor (= 0.64.1)
    - React-jsinspector (= 0.64.1)
    - React-perflogger (= 0.64.1)
    - Yoga
  - React-Core/RCTActionSheetHeaders (0.64.1):
    - glog
    - RCT-Folly (= 2020.01.13.00)
    - React-Core/Default
    - React-cxxreact (= 0.64.1)
    - React-jsi (= 0.64.1)
    - React-jsiexecutor (= 0.64.1)
    - React-perflogger (= 0.64.1)
    - Yoga
  - React-Core/RCTAnimationHeaders (0.64.1):
    - glog
    - RCT-Folly (= 2020.01.13.00)
    - React-Core/Default
    - React-cxxreact (= 0.64.1)
    - React-jsi (= 0.64.1)
    - React-jsiexecutor (= 0.64.1)
    - React-perflogger (= 0.64.1)
    - Yoga
  - React-Core/RCTBlobHeaders (0.64.1):
    - glog
    - RCT-Folly (= 2020.01.13.00)
    - React-Core/Default
    - React-cxxreact (= 0.64.1)
    - React-jsi (= 0.64.1)
    - React-jsiexecutor (= 0.64.1)
    - React-perflogger (= 0.64.1)
    - Yoga
  - React-Core/RCTImageHeaders (0.64.1):
    - glog
    - RCT-Folly (= 2020.01.13.00)
    - React-Core/Default
    - React-cxxreact (= 0.64.1)
    - React-jsi (= 0.64.1)
    - React-jsiexecutor (= 0.64.1)
    - React-perflogger (= 0.64.1)
    - Yoga
  - React-Core/RCTLinkingHeaders (0.64.1):
    - glog
    - RCT-Folly (= 2020.01.13.00)
    - React-Core/Default
    - React-cxxreact (= 0.64.1)
    - React-jsi (= 0.64.1)
    - React-jsiexecutor (= 0.64.1)
    - React-perflogger (= 0.64.1)
    - Yoga
  - React-Core/RCTNetworkHeaders (0.64.1):
    - glog
    - RCT-Folly (= 2020.01.13.00)
    - React-Core/Default
    - React-cxxreact (= 0.64.1)
    - React-jsi (= 0.64.1)
    - React-jsiexecutor (= 0.64.1)
    - React-perflogger (= 0.64.1)
    - Yoga
  - React-Core/RCTSettingsHeaders (0.64.1):
    - glog
    - RCT-Folly (= 2020.01.13.00)
    - React-Core/Default
    - React-cxxreact (= 0.64.1)
    - React-jsi (= 0.64.1)
    - React-jsiexecutor (= 0.64.1)
    - React-perflogger (= 0.64.1)
    - Yoga
  - React-Core/RCTTextHeaders (0.64.1):
    - glog
    - RCT-Folly (= 2020.01.13.00)
    - React-Core/Default
    - React-cxxreact (= 0.64.1)
    - React-jsi (= 0.64.1)
    - React-jsiexecutor (= 0.64.1)
    - React-perflogger (= 0.64.1)
    - Yoga
  - React-Core/RCTVibrationHeaders (0.64.1):
    - glog
    - RCT-Folly (= 2020.01.13.00)
    - React-Core/Default
    - React-cxxreact (= 0.64.1)
    - React-jsi (= 0.64.1)
    - React-jsiexecutor (= 0.64.1)
    - React-perflogger (= 0.64.1)
    - Yoga
  - React-Core/RCTWebSocket (0.64.1):
    - glog
    - RCT-Folly (= 2020.01.13.00)
    - React-Core/Default (= 0.64.1)
    - React-cxxreact (= 0.64.1)
    - React-jsi (= 0.64.1)
    - React-jsiexecutor (= 0.64.1)
    - React-perflogger (= 0.64.1)
    - Yoga
  - React-CoreModules (0.64.1):
    - FBReactNativeSpec (= 0.64.1)
    - RCT-Folly (= 2020.01.13.00)
    - RCTTypeSafety (= 0.64.1)
    - React-Core/CoreModulesHeaders (= 0.64.1)
    - React-jsi (= 0.64.1)
    - React-RCTImage (= 0.64.1)
    - ReactCommon/turbomodule/core (= 0.64.1)
  - React-cxxreact (0.64.1):
    - boost-for-react-native (= 1.63.0)
    - DoubleConversion
    - glog
    - RCT-Folly (= 2020.01.13.00)
    - React-callinvoker (= 0.64.1)
    - React-jsi (= 0.64.1)
    - React-jsinspector (= 0.64.1)
    - React-perflogger (= 0.64.1)
    - React-runtimeexecutor (= 0.64.1)
  - React-jsi (0.64.1):
    - boost-for-react-native (= 1.63.0)
    - DoubleConversion
    - glog
    - RCT-Folly (= 2020.01.13.00)
    - React-jsi/Default (= 0.64.1)
  - React-jsi/Default (0.64.1):
    - boost-for-react-native (= 1.63.0)
    - DoubleConversion
    - glog
    - RCT-Folly (= 2020.01.13.00)
  - React-jsiexecutor (0.64.1):
    - DoubleConversion
    - glog
    - RCT-Folly (= 2020.01.13.00)
    - React-cxxreact (= 0.64.1)
    - React-jsi (= 0.64.1)
    - React-perflogger (= 0.64.1)
  - React-jsinspector (0.64.1)
  - react-native-blur (0.8.0):
    - React
  - react-native-cameraroll (4.0.4):
    - React-Core
  - react-native-slider (3.0.3):
    - React
  - react-native-video (5.1.1):
    - React-Core
    - react-native-video/Video (= 5.1.1)
  - react-native-video/Video (5.1.1):
    - React-Core
  - React-perflogger (0.64.1)
  - React-RCTActionSheet (0.64.1):
    - React-Core/RCTActionSheetHeaders (= 0.64.1)
  - React-RCTAnimation (0.64.1):
    - FBReactNativeSpec (= 0.64.1)
    - RCT-Folly (= 2020.01.13.00)
    - RCTTypeSafety (= 0.64.1)
    - React-Core/RCTAnimationHeaders (= 0.64.1)
    - React-jsi (= 0.64.1)
    - ReactCommon/turbomodule/core (= 0.64.1)
  - React-RCTBlob (0.64.1):
    - FBReactNativeSpec (= 0.64.1)
    - RCT-Folly (= 2020.01.13.00)
    - React-Core/RCTBlobHeaders (= 0.64.1)
    - React-Core/RCTWebSocket (= 0.64.1)
    - React-jsi (= 0.64.1)
    - React-RCTNetwork (= 0.64.1)
    - ReactCommon/turbomodule/core (= 0.64.1)
  - React-RCTImage (0.64.1):
    - FBReactNativeSpec (= 0.64.1)
    - RCT-Folly (= 2020.01.13.00)
    - RCTTypeSafety (= 0.64.1)
    - React-Core/RCTImageHeaders (= 0.64.1)
    - React-jsi (= 0.64.1)
    - React-RCTNetwork (= 0.64.1)
    - ReactCommon/turbomodule/core (= 0.64.1)
  - React-RCTLinking (0.64.1):
    - FBReactNativeSpec (= 0.64.1)
    - React-Core/RCTLinkingHeaders (= 0.64.1)
    - React-jsi (= 0.64.1)
    - ReactCommon/turbomodule/core (= 0.64.1)
  - React-RCTNetwork (0.64.1):
    - FBReactNativeSpec (= 0.64.1)
    - RCT-Folly (= 2020.01.13.00)
    - RCTTypeSafety (= 0.64.1)
    - React-Core/RCTNetworkHeaders (= 0.64.1)
    - React-jsi (= 0.64.1)
    - ReactCommon/turbomodule/core (= 0.64.1)
  - React-RCTSettings (0.64.1):
    - FBReactNativeSpec (= 0.64.1)
    - RCT-Folly (= 2020.01.13.00)
    - RCTTypeSafety (= 0.64.1)
    - React-Core/RCTSettingsHeaders (= 0.64.1)
    - React-jsi (= 0.64.1)
    - ReactCommon/turbomodule/core (= 0.64.1)
  - React-RCTText (0.64.1):
    - React-Core/RCTTextHeaders (= 0.64.1)
  - React-RCTVibration (0.64.1):
    - FBReactNativeSpec (= 0.64.1)
    - RCT-Folly (= 2020.01.13.00)
    - React-Core/RCTVibrationHeaders (= 0.64.1)
    - React-jsi (= 0.64.1)
    - ReactCommon/turbomodule/core (= 0.64.1)
  - React-runtimeexecutor (0.64.1):
    - React-jsi (= 0.64.1)
  - ReactCommon/turbomodule/core (0.64.1):
    - DoubleConversion
    - glog
    - RCT-Folly (= 2020.01.13.00)
    - React-callinvoker (= 0.64.1)
    - React-Core (= 0.64.1)
    - React-cxxreact (= 0.64.1)
    - React-jsi (= 0.64.1)
    - React-perflogger (= 0.64.1)
  - ReactNativeNavigation (7.15.0-snapshot.1548):
    - React-Core
    - React-RCTImage
    - React-RCTText
    - ReactNativeNavigation/Core (= 7.15.0-snapshot.1548)
  - ReactNativeNavigation/Core (7.15.0-snapshot.1548):
    - React-Core
    - React-RCTImage
    - React-RCTText
  - RNGestureHandler (1.10.3):
    - React-Core
  - RNReanimated (2.2.0):
    - DoubleConversion
    - FBLazyVector
    - FBReactNativeSpec
    - glog
    - RCT-Folly
    - RCTRequired
    - RCTTypeSafety
    - React
    - React-callinvoker
    - React-Core
    - React-Core/DevSupport
    - React-Core/RCTWebSocket
    - React-CoreModules
    - React-cxxreact
    - React-jsi
    - React-jsiexecutor
    - React-jsinspector
    - React-RCTActionSheet
    - React-RCTAnimation
    - React-RCTBlob
    - React-RCTImage
    - React-RCTLinking
    - React-RCTNetwork
    - React-RCTSettings
    - React-RCTText
    - React-RCTVibration
    - ReactCommon/turbomodule/core
    - Yoga
  - RNStaticSafeAreaInsets (2.1.1):
    - React
  - RNVectorIcons (8.1.0):
    - React-Core
  - VisionCamera (2.0.2):
    - React
    - React-callinvoker
    - React-Core
  - Yoga (1.14.0)

DEPENDENCIES:
  - DoubleConversion (from `../node_modules/react-native/third-party-podspecs/DoubleConversion.podspec`)
  - FBLazyVector (from `../node_modules/react-native/Libraries/FBLazyVector`)
  - FBReactNativeSpec (from `../node_modules/react-native/React/FBReactNativeSpec`)
  - glog (from `../node_modules/react-native/third-party-podspecs/glog.podspec`)
  - RCT-Folly (from `../node_modules/react-native/third-party-podspecs/RCT-Folly.podspec`)
  - RCTRequired (from `../node_modules/react-native/Libraries/RCTRequired`)
  - RCTTypeSafety (from `../node_modules/react-native/Libraries/TypeSafety`)
  - React (from `../node_modules/react-native/`)
  - React-callinvoker (from `../node_modules/react-native/ReactCommon/callinvoker`)
  - React-Core (from `../node_modules/react-native/`)
  - React-Core/DevSupport (from `../node_modules/react-native/`)
  - React-Core/RCTWebSocket (from `../node_modules/react-native/`)
  - React-CoreModules (from `../node_modules/react-native/React/CoreModules`)
  - React-cxxreact (from `../node_modules/react-native/ReactCommon/cxxreact`)
  - React-jsi (from `../node_modules/react-native/ReactCommon/jsi`)
  - React-jsiexecutor (from `../node_modules/react-native/ReactCommon/jsiexecutor`)
  - React-jsinspector (from `../node_modules/react-native/ReactCommon/jsinspector`)
  - "react-native-blur (from `../node_modules/@react-native-community/blur`)"
  - "react-native-cameraroll (from `../node_modules/@react-native-community/cameraroll`)"
  - "react-native-slider (from `../node_modules/@react-native-community/slider`)"
  - react-native-video (from `../node_modules/react-native-video`)
  - React-perflogger (from `../node_modules/react-native/ReactCommon/reactperflogger`)
  - React-RCTActionSheet (from `../node_modules/react-native/Libraries/ActionSheetIOS`)
  - React-RCTAnimation (from `../node_modules/react-native/Libraries/NativeAnimation`)
  - React-RCTBlob (from `../node_modules/react-native/Libraries/Blob`)
  - React-RCTImage (from `../node_modules/react-native/Libraries/Image`)
  - React-RCTLinking (from `../node_modules/react-native/Libraries/LinkingIOS`)
  - React-RCTNetwork (from `../node_modules/react-native/Libraries/Network`)
  - React-RCTSettings (from `../node_modules/react-native/Libraries/Settings`)
  - React-RCTText (from `../node_modules/react-native/Libraries/Text`)
  - React-RCTVibration (from `../node_modules/react-native/Libraries/Vibration`)
  - React-runtimeexecutor (from `../node_modules/react-native/ReactCommon/runtimeexecutor`)
  - ReactCommon/turbomodule/core (from `../node_modules/react-native/ReactCommon`)
  - ReactNativeNavigation (from `../node_modules/react-native-navigation`)
  - RNGestureHandler (from `../node_modules/react-native-gesture-handler`)
  - RNReanimated (from `../node_modules/react-native-reanimated`)
  - RNStaticSafeAreaInsets (from `../node_modules/react-native-static-safe-area-insets`)
  - RNVectorIcons (from `../node_modules/react-native-vector-icons`)
  - VisionCamera (from `../..`)
  - Yoga (from `../node_modules/react-native/ReactCommon/yoga`)

SPEC REPOS:
  trunk:
    - boost-for-react-native

EXTERNAL SOURCES:
  DoubleConversion:
    :podspec: "../node_modules/react-native/third-party-podspecs/DoubleConversion.podspec"
  FBLazyVector:
    :path: "../node_modules/react-native/Libraries/FBLazyVector"
  FBReactNativeSpec:
    :path: "../node_modules/react-native/React/FBReactNativeSpec"
  glog:
    :podspec: "../node_modules/react-native/third-party-podspecs/glog.podspec"
  RCT-Folly:
    :podspec: "../node_modules/react-native/third-party-podspecs/RCT-Folly.podspec"
  RCTRequired:
    :path: "../node_modules/react-native/Libraries/RCTRequired"
  RCTTypeSafety:
    :path: "../node_modules/react-native/Libraries/TypeSafety"
  React:
    :path: "../node_modules/react-native/"
  React-callinvoker:
    :path: "../node_modules/react-native/ReactCommon/callinvoker"
  React-Core:
    :path: "../node_modules/react-native/"
  React-CoreModules:
    :path: "../node_modules/react-native/React/CoreModules"
  React-cxxreact:
    :path: "../node_modules/react-native/ReactCommon/cxxreact"
  React-jsi:
    :path: "../node_modules/react-native/ReactCommon/jsi"
  React-jsiexecutor:
    :path: "../node_modules/react-native/ReactCommon/jsiexecutor"
  React-jsinspector:
    :path: "../node_modules/react-native/ReactCommon/jsinspector"
  react-native-blur:
    :path: "../node_modules/@react-native-community/blur"
  react-native-cameraroll:
    :path: "../node_modules/@react-native-community/cameraroll"
  react-native-slider:
    :path: "../node_modules/@react-native-community/slider"
  react-native-video:
    :path: "../node_modules/react-native-video"
  React-perflogger:
    :path: "../node_modules/react-native/ReactCommon/reactperflogger"
  React-RCTActionSheet:
    :path: "../node_modules/react-native/Libraries/ActionSheetIOS"
  React-RCTAnimation:
    :path: "../node_modules/react-native/Libraries/NativeAnimation"
  React-RCTBlob:
    :path: "../node_modules/react-native/Libraries/Blob"
  React-RCTImage:
    :path: "../node_modules/react-native/Libraries/Image"
  React-RCTLinking:
    :path: "../node_modules/react-native/Libraries/LinkingIOS"
  React-RCTNetwork:
    :path: "../node_modules/react-native/Libraries/Network"
  React-RCTSettings:
    :path: "../node_modules/react-native/Libraries/Settings"
  React-RCTText:
    :path: "../node_modules/react-native/Libraries/Text"
  React-RCTVibration:
    :path: "../node_modules/react-native/Libraries/Vibration"
  React-runtimeexecutor:
    :path: "../node_modules/react-native/ReactCommon/runtimeexecutor"
  ReactCommon:
    :path: "../node_modules/react-native/ReactCommon"
  ReactNativeNavigation:
    :path: "../node_modules/react-native-navigation"
  RNGestureHandler:
    :path: "../node_modules/react-native-gesture-handler"
  RNReanimated:
    :path: "../node_modules/react-native-reanimated"
  RNStaticSafeAreaInsets:
    :path: "../node_modules/react-native-static-safe-area-insets"
  RNVectorIcons:
    :path: "../node_modules/react-native-vector-icons"
  VisionCamera:
    :path: "../.."
  Yoga:
    :path: "../node_modules/react-native/ReactCommon/yoga"

SPEC CHECKSUMS:
  boost-for-react-native: 39c7adb57c4e60d6c5479dd8623128eb5b3f0f2c
  DoubleConversion: cf9b38bf0b2d048436d9a82ad2abe1404f11e7de
  FBLazyVector: 7b423f9e248eae65987838148c36eec1dbfe0b53
  FBReactNativeSpec: 17b92ef63a5334d2c068d3a05f0b49ace5649eb3
  glog: 73c2498ac6884b13ede40eda8228cb1eee9d9d62
  RCT-Folly: ec7a233ccc97cc556cf7237f0db1ff65b986f27c
  RCTRequired: ec2ebc96b7bfba3ca5c32740f5a0c6a014a274d2
  RCTTypeSafety: 22567f31e67c3e088c7ac23ea46ab6d4779c0ea5
  React: a241e3dbb1e91d06332f1dbd2b3ab26e1a4c4b9d
  React-callinvoker: da4d1c6141696a00163960906bc8a55b985e4ce4
  React-Core: 46ba164c437d7dac607b470c83c8308b05799748
  React-CoreModules: 217bd14904491c7b9940ff8b34a3fe08013c2f14
  React-cxxreact: 0090588ae6660c4615d3629fdd5c768d0983add4
  React-jsi: 5de8204706bd872b78ea646aee5d2561ca1214b6
  React-jsiexecutor: 124e8f99992490d0d13e0649d950d3e1aae06fe9
  React-jsinspector: 500a59626037be5b3b3d89c5151bc3baa9abf1a9
  react-native-blur: cad4d93b364f91e7b7931b3fa935455487e5c33c
  react-native-cameraroll: 88f4e62d9ecd0e1f253abe4f685474f2ea14bfa2
  react-native-slider: e99fc201cefe81270fc9d81714a7a0f5e566b168
  react-native-video: 0bb76b6d6b77da3009611586c7dbf817b947f30e
  React-perflogger: aad6d4b4a267936b3667260d1f649b6f6069a675
  React-RCTActionSheet: fc376be462c9c8d6ad82c0905442fd77f82a9d2a
  React-RCTAnimation: ba0a1c3a2738be224a08092fa7f1b444ab77d309
  React-RCTBlob: f758d4403fc5828a326dc69e27b41e1a92f34947
  React-RCTImage: ce57088705f4a8d03f6594b066a59c29143ba73e
  React-RCTLinking: 852a3a95c65fa63f657a4b4e2d3d83a815e00a7c
  React-RCTNetwork: 9d7ccb8a08d522d71700b4fb677d9fa28cccd118
  React-RCTSettings: d8aaf4389ff06114dee8c42ef5f0f2915946011e
  React-RCTText: 809c12ed6b261796ba056c04fcd20d8b90bcc81d
  React-RCTVibration: 4b99a7f5c6c0abbc5256410cc5425fb8531986e1
  React-runtimeexecutor: ff951a0c241bfaefc4940a3f1f1a229e7cb32fa6
  ReactCommon: bedc99ed4dae329c4fcf128d0c31b9115e5365ca
  ReactNativeNavigation: 1357861a63f5d4da6ee099062c4d3473d777c86a
  RNGestureHandler: a479ebd5ed4221a810967000735517df0d2db211
  RNReanimated: 9c13c86454bfd54dab7505c1a054470bfecd2563
  RNStaticSafeAreaInsets: 6103cf09647fa427186d30f67b0f5163c1ae8252
  RNVectorIcons: 31cebfcf94e8cf8686eb5303ae0357da64d7a5a4
  VisionCamera: d274e912758134d5275d1ee3b9873d40d1fbb2a1
  Yoga: a7de31c64fe738607e7a3803e3f591a4b1df7393

PODFILE CHECKSUM: 4b093c1d474775c2eac3268011e4b0b80929d3a2

COCOAPODS: 1.10.1
