PODS:
  - boost (1.76.0)
  - DoubleConversion (1.1.6)
  - FBLazyVector (0.71.4)
  - FBReactNativeSpec (0.71.4):
    - RCT-Folly (= 2021.07.22.00)
    - RCTRequired (= 0.71.4)
    - RCTTypeSafety (= 0.71.4)
    - React-Core (= 0.71.4)
    - React-jsi (= 0.71.4)
    - ReactCommon/turbomodule/core (= 0.71.4)
  - fmt (6.2.1)
  - glog (0.3.5)
  - hermes-engine (0.71.3):
    - hermes-engine/Pre-built (= 0.71.3)
  - hermes-engine/Pre-built (0.71.3)
  - libevent (2.1.12)
  - RCT-Folly (2021.07.22.00):
    - boost
    - DoubleConversion
    - fmt (~> 6.2.1)
    - glog
    - RCT-Folly/Default (= 2021.07.22.00)
  - RCT-Folly/Default (2021.07.22.00):
    - boost
    - DoubleConversion
    - fmt (~> 6.2.1)
    - glog
  - RCT-Folly/Futures (2021.07.22.00):
    - boost
    - DoubleConversion
    - fmt (~> 6.2.1)
    - glog
    - libevent
  - RCTRequired (0.71.4)
  - RCTTypeSafety (0.71.4):
    - FBLazyVector (= 0.71.4)
    - RCTRequired (= 0.71.4)
    - React-Core (= 0.71.4)
  - React (0.71.4):
    - React-Core (= 0.71.4)
    - React-Core/DevSupport (= 0.71.4)
    - React-Core/RCTWebSocket (= 0.71.4)
    - React-RCTActionSheet (= 0.71.4)
    - React-RCTAnimation (= 0.71.4)
    - React-RCTBlob (= 0.71.4)
    - React-RCTImage (= 0.71.4)
    - React-RCTLinking (= 0.71.4)
    - React-RCTNetwork (= 0.71.4)
    - React-RCTSettings (= 0.71.4)
    - React-RCTText (= 0.71.4)
    - React-RCTVibration (= 0.71.4)
  - React-callinvoker (0.71.4)
  - React-Codegen (0.71.4):
    - FBReactNativeSpec
    - hermes-engine
    - RCT-Folly
    - RCTRequired
    - RCTTypeSafety
    - React-Core
    - React-jsi
    - React-jsiexecutor
    - ReactCommon/turbomodule/bridging
    - ReactCommon/turbomodule/core
  - React-Core (0.71.4):
    - glog
    - hermes-engine
    - RCT-Folly (= 2021.07.22.00)
    - React-Core/Default (= 0.71.4)
    - React-cxxreact (= 0.71.4)
    - React-hermes
    - React-jsi (= 0.71.4)
    - React-jsiexecutor (= 0.71.4)
    - React-perflogger (= 0.71.4)
    - Yoga
  - React-Core/CoreModulesHeaders (0.71.4):
    - glog
    - hermes-engine
    - RCT-Folly (= 2021.07.22.00)
    - React-Core/Default
    - React-cxxreact (= 0.71.4)
    - React-hermes
    - React-jsi (= 0.71.4)
    - React-jsiexecutor (= 0.71.4)
    - React-perflogger (= 0.71.4)
    - Yoga
  - React-Core/Default (0.71.4):
    - glog
    - hermes-engine
    - RCT-Folly (= 2021.07.22.00)
    - React-cxxreact (= 0.71.4)
    - React-hermes
    - React-jsi (= 0.71.4)
    - React-jsiexecutor (= 0.71.4)
    - React-perflogger (= 0.71.4)
    - Yoga
  - React-Core/DevSupport (0.71.4):
    - glog
    - hermes-engine
    - RCT-Folly (= 2021.07.22.00)
    - React-Core/Default (= 0.71.4)
    - React-Core/RCTWebSocket (= 0.71.4)
    - React-cxxreact (= 0.71.4)
    - React-hermes
    - React-jsi (= 0.71.4)
    - React-jsiexecutor (= 0.71.4)
    - React-jsinspector (= 0.71.4)
    - React-perflogger (= 0.71.4)
    - Yoga
  - React-Core/RCTActionSheetHeaders (0.71.4):
    - glog
    - hermes-engine
    - RCT-Folly (= 2021.07.22.00)
    - React-Core/Default
    - React-cxxreact (= 0.71.4)
    - React-hermes
    - React-jsi (= 0.71.4)
    - React-jsiexecutor (= 0.71.4)
    - React-perflogger (= 0.71.4)
    - Yoga
  - React-Core/RCTAnimationHeaders (0.71.4):
    - glog
    - hermes-engine
    - RCT-Folly (= 2021.07.22.00)
    - React-Core/Default
    - React-cxxreact (= 0.71.4)
    - React-hermes
    - React-jsi (= 0.71.4)
    - React-jsiexecutor (= 0.71.4)
    - React-perflogger (= 0.71.4)
    - Yoga
  - React-Core/RCTBlobHeaders (0.71.4):
    - glog
    - hermes-engine
    - RCT-Folly (= 2021.07.22.00)
    - React-Core/Default
    - React-cxxreact (= 0.71.4)
    - React-hermes
    - React-jsi (= 0.71.4)
    - React-jsiexecutor (= 0.71.4)
    - React-perflogger (= 0.71.4)
    - Yoga
  - React-Core/RCTImageHeaders (0.71.4):
    - glog
    - hermes-engine
    - RCT-Folly (= 2021.07.22.00)
    - React-Core/Default
    - React-cxxreact (= 0.71.4)
    - React-hermes
    - React-jsi (= 0.71.4)
    - React-jsiexecutor (= 0.71.4)
    - React-perflogger (= 0.71.4)
    - Yoga
  - React-Core/RCTLinkingHeaders (0.71.4):
    - glog
    - hermes-engine
    - RCT-Folly (= 2021.07.22.00)
    - React-Core/Default
    - React-cxxreact (= 0.71.4)
    - React-hermes
    - React-jsi (= 0.71.4)
    - React-jsiexecutor (= 0.71.4)
    - React-perflogger (= 0.71.4)
    - Yoga
  - React-Core/RCTNetworkHeaders (0.71.4):
    - glog
    - hermes-engine
    - RCT-Folly (= 2021.07.22.00)
    - React-Core/Default
    - React-cxxreact (= 0.71.4)
    - React-hermes
    - React-jsi (= 0.71.4)
    - React-jsiexecutor (= 0.71.4)
    - React-perflogger (= 0.71.4)
    - Yoga
  - React-Core/RCTSettingsHeaders (0.71.4):
    - glog
    - hermes-engine
    - RCT-Folly (= 2021.07.22.00)
    - React-Core/Default
    - React-cxxreact (= 0.71.4)
    - React-hermes
    - React-jsi (= 0.71.4)
    - React-jsiexecutor (= 0.71.4)
    - React-perflogger (= 0.71.4)
    - Yoga
  - React-Core/RCTTextHeaders (0.71.4):
    - glog
    - hermes-engine
    - RCT-Folly (= 2021.07.22.00)
    - React-Core/Default
    - React-cxxreact (= 0.71.4)
    - React-hermes
    - React-jsi (= 0.71.4)
    - React-jsiexecutor (= 0.71.4)
    - React-perflogger (= 0.71.4)
    - Yoga
  - React-Core/RCTVibrationHeaders (0.71.4):
    - glog
    - hermes-engine
    - RCT-Folly (= 2021.07.22.00)
    - React-Core/Default
    - React-cxxreact (= 0.71.4)
    - React-hermes
    - React-jsi (= 0.71.4)
    - React-jsiexecutor (= 0.71.4)
    - React-perflogger (= 0.71.4)
    - Yoga
  - React-Core/RCTWebSocket (0.71.4):
    - glog
    - hermes-engine
    - RCT-Folly (= 2021.07.22.00)
    - React-Core/Default (= 0.71.4)
    - React-cxxreact (= 0.71.4)
    - React-hermes
    - React-jsi (= 0.71.4)
    - React-jsiexecutor (= 0.71.4)
    - React-perflogger (= 0.71.4)
    - Yoga
  - React-CoreModules (0.71.4):
    - RCT-Folly (= 2021.07.22.00)
    - RCTTypeSafety (= 0.71.4)
    - React-Codegen (= 0.71.4)
    - React-Core/CoreModulesHeaders (= 0.71.4)
    - React-jsi (= 0.71.4)
    - React-RCTBlob
    - React-RCTImage (= 0.71.4)
    - ReactCommon/turbomodule/core (= 0.71.4)
  - React-cxxreact (0.71.4):
    - boost (= 1.76.0)
    - DoubleConversion
    - glog
    - hermes-engine
    - RCT-Folly (= 2021.07.22.00)
    - React-callinvoker (= 0.71.4)
    - React-jsi (= 0.71.4)
    - React-jsinspector (= 0.71.4)
    - React-logger (= 0.71.4)
    - React-perflogger (= 0.71.4)
    - React-runtimeexecutor (= 0.71.4)
  - React-hermes (0.71.4):
    - DoubleConversion
    - glog
    - hermes-engine
    - RCT-Folly (= 2021.07.22.00)
    - RCT-Folly/Futures (= 2021.07.22.00)
    - React-cxxreact (= 0.71.4)
    - React-jsi
    - React-jsiexecutor (= 0.71.4)
    - React-jsinspector (= 0.71.4)
    - React-perflogger (= 0.71.4)
  - React-jsi (0.71.4):
    - boost (= 1.76.0)
    - DoubleConversion
    - glog
    - hermes-engine
    - RCT-Folly (= 2021.07.22.00)
  - React-jsiexecutor (0.71.4):
    - DoubleConversion
    - glog
    - hermes-engine
    - RCT-Folly (= 2021.07.22.00)
    - React-cxxreact (= 0.71.4)
    - React-jsi (= 0.71.4)
    - React-perflogger (= 0.71.4)
  - React-jsinspector (0.71.4)
  - React-logger (0.71.4):
    - glog
  - react-native-blur (4.3.0):
    - React-Core
  - react-native-cameraroll (5.3.1):
    - React-Core
  - react-native-safe-area-context (4.5.0):
    - RCT-Folly
    - RCTRequired
    - RCTTypeSafety
    - React-Core
    - ReactCommon/turbomodule/core
  - react-native-skia (0.1.176):
    - React
    - React-callinvoker
    - React-Core
  - react-native-slider (4.4.2):
    - React-Core
  - react-native-video (5.2.1):
    - React-Core
    - react-native-video/Video (= 5.2.1)
  - react-native-video/Video (5.2.1):
    - React-Core
  - react-native-worklets (0.1.0):
    - React
    - React-callinvoker
    - React-Core
  - React-perflogger (0.71.4)
  - React-RCTActionSheet (0.71.4):
    - React-Core/RCTActionSheetHeaders (= 0.71.4)
  - React-RCTAnimation (0.71.4):
    - RCT-Folly (= 2021.07.22.00)
    - RCTTypeSafety (= 0.71.4)
    - React-Codegen (= 0.71.4)
    - React-Core/RCTAnimationHeaders (= 0.71.4)
    - React-jsi (= 0.71.4)
    - ReactCommon/turbomodule/core (= 0.71.4)
  - React-RCTAppDelegate (0.71.4):
    - RCT-Folly
    - RCTRequired
    - RCTTypeSafety
    - React-Core
    - ReactCommon/turbomodule/core
  - React-RCTBlob (0.71.4):
    - hermes-engine
    - RCT-Folly (= 2021.07.22.00)
    - React-Codegen (= 0.71.4)
    - React-Core/RCTBlobHeaders (= 0.71.4)
    - React-Core/RCTWebSocket (= 0.71.4)
    - React-jsi (= 0.71.4)
    - React-RCTNetwork (= 0.71.4)
    - ReactCommon/turbomodule/core (= 0.71.4)
  - React-RCTImage (0.71.4):
    - RCT-Folly (= 2021.07.22.00)
    - RCTTypeSafety (= 0.71.4)
    - React-Codegen (= 0.71.4)
    - React-Core/RCTImageHeaders (= 0.71.4)
    - React-jsi (= 0.71.4)
    - React-RCTNetwork (= 0.71.4)
    - ReactCommon/turbomodule/core (= 0.71.4)
  - React-RCTLinking (0.71.4):
    - React-Codegen (= 0.71.4)
    - React-Core/RCTLinkingHeaders (= 0.71.4)
    - React-jsi (= 0.71.4)
    - ReactCommon/turbomodule/core (= 0.71.4)
  - React-RCTNetwork (0.71.4):
    - RCT-Folly (= 2021.07.22.00)
    - RCTTypeSafety (= 0.71.4)
    - React-Codegen (= 0.71.4)
    - React-Core/RCTNetworkHeaders (= 0.71.4)
    - React-jsi (= 0.71.4)
    - ReactCommon/turbomodule/core (= 0.71.4)
  - React-RCTSettings (0.71.4):
    - RCT-Folly (= 2021.07.22.00)
    - RCTTypeSafety (= 0.71.4)
    - React-Codegen (= 0.71.4)
    - React-Core/RCTSettingsHeaders (= 0.71.4)
    - React-jsi (= 0.71.4)
    - ReactCommon/turbomodule/core (= 0.71.4)
  - React-RCTText (0.71.4):
    - React-Core/RCTTextHeaders (= 0.71.4)
  - React-RCTVibration (0.71.4):
    - RCT-Folly (= 2021.07.22.00)
    - React-Codegen (= 0.71.4)
    - React-Core/RCTVibrationHeaders (= 0.71.4)
    - React-jsi (= 0.71.4)
    - ReactCommon/turbomodule/core (= 0.71.4)
  - React-runtimeexecutor (0.71.4):
    - React-jsi (= 0.71.4)
  - ReactCommon/turbomodule/bridging (0.71.4):
    - DoubleConversion
    - glog
    - hermes-engine
    - RCT-Folly (= 2021.07.22.00)
    - React-callinvoker (= 0.71.4)
    - React-Core (= 0.71.4)
    - React-cxxreact (= 0.71.4)
    - React-jsi (= 0.71.4)
    - React-logger (= 0.71.4)
    - React-perflogger (= 0.71.4)
  - ReactCommon/turbomodule/core (0.71.4):
    - DoubleConversion
    - glog
    - hermes-engine
    - RCT-Folly (= 2021.07.22.00)
    - React-callinvoker (= 0.71.4)
    - React-Core (= 0.71.4)
    - React-cxxreact (= 0.71.4)
    - React-jsi (= 0.71.4)
    - React-logger (= 0.71.4)
    - React-perflogger (= 0.71.4)
  - RNGestureHandler (2.9.0):
    - React-Core
  - RNReanimated (3.0.2):
    - DoubleConversion
    - FBLazyVector
    - FBReactNativeSpec
    - glog
    - RCT-Folly
    - RCTRequired
    - RCTTypeSafety
    - React-callinvoker
    - React-Core
    - React-Core/DevSupport
    - React-Core/RCTWebSocket
    - React-CoreModules
    - React-cxxreact
    - React-jsi
    - React-jsiexecutor
    - React-jsinspector
    - React-RCTActionSheet
    - React-RCTAnimation
    - React-RCTBlob
    - React-RCTImage
    - React-RCTLinking
    - React-RCTNetwork
    - React-RCTSettings
    - React-RCTText
    - ReactCommon/turbomodule/core
    - Yoga
  - RNScreens (3.20.0):
    - React-Core
    - React-RCTImage
  - RNStaticSafeAreaInsets (2.2.0):
    - React-Core
  - RNVectorIcons (9.2.0):
    - React-Core
  - VisionCamera (3.0.0-rc.2):
    - React
    - React-callinvoker
    - React-Core
    - react-native-skia
    - react-native-worklets
  - Yoga (1.14.0)

DEPENDENCIES:
  - boost (from `../node_modules/react-native/third-party-podspecs/boost.podspec`)
  - DoubleConversion (from `../node_modules/react-native/third-party-podspecs/DoubleConversion.podspec`)
  - FBLazyVector (from `../node_modules/react-native/Libraries/FBLazyVector`)
  - FBReactNativeSpec (from `../node_modules/react-native/React/FBReactNativeSpec`)
  - glog (from `../node_modules/react-native/third-party-podspecs/glog.podspec`)
  - hermes-engine (from `../node_modules/react-native/sdks/hermes-engine/hermes-engine.podspec`)
  - libevent (~> 2.1.12)
  - RCT-Folly (from `../node_modules/react-native/third-party-podspecs/RCT-Folly.podspec`)
  - RCTRequired (from `../node_modules/react-native/Libraries/RCTRequired`)
  - RCTTypeSafety (from `../node_modules/react-native/Libraries/TypeSafety`)
  - React (from `../node_modules/react-native/`)
  - React-callinvoker (from `../node_modules/react-native/ReactCommon/callinvoker`)
  - React-Codegen (from `build/generated/ios`)
  - React-Core (from `../node_modules/react-native/`)
  - React-Core/RCTWebSocket (from `../node_modules/react-native/`)
  - React-CoreModules (from `../node_modules/react-native/React/CoreModules`)
  - React-cxxreact (from `../node_modules/react-native/ReactCommon/cxxreact`)
  - React-hermes (from `../node_modules/react-native/ReactCommon/hermes`)
  - React-jsi (from `../node_modules/react-native/ReactCommon/jsi`)
  - React-jsiexecutor (from `../node_modules/react-native/ReactCommon/jsiexecutor`)
  - React-jsinspector (from `../node_modules/react-native/ReactCommon/jsinspector`)
  - React-logger (from `../node_modules/react-native/ReactCommon/logger`)
  - "react-native-blur (from `../node_modules/@react-native-community/blur`)"
  - "react-native-cameraroll (from `../node_modules/@react-native-camera-roll/camera-roll`)"
  - react-native-safe-area-context (from `../node_modules/react-native-safe-area-context`)
  - "react-native-skia (from `../node_modules/@shopify/react-native-skia`)"
  - "react-native-slider (from `../node_modules/@react-native-community/slider`)"
  - react-native-video (from `../node_modules/react-native-video`)
  - react-native-worklets (from `../node_modules/react-native-worklets`)
  - React-perflogger (from `../node_modules/react-native/ReactCommon/reactperflogger`)
  - React-RCTActionSheet (from `../node_modules/react-native/Libraries/ActionSheetIOS`)
  - React-RCTAnimation (from `../node_modules/react-native/Libraries/NativeAnimation`)
  - React-RCTAppDelegate (from `../node_modules/react-native/Libraries/AppDelegate`)
  - React-RCTBlob (from `../node_modules/react-native/Libraries/Blob`)
  - React-RCTImage (from `../node_modules/react-native/Libraries/Image`)
  - React-RCTLinking (from `../node_modules/react-native/Libraries/LinkingIOS`)
  - React-RCTNetwork (from `../node_modules/react-native/Libraries/Network`)
  - React-RCTSettings (from `../node_modules/react-native/Libraries/Settings`)
  - React-RCTText (from `../node_modules/react-native/Libraries/Text`)
  - React-RCTVibration (from `../node_modules/react-native/Libraries/Vibration`)
  - React-runtimeexecutor (from `../node_modules/react-native/ReactCommon/runtimeexecutor`)
  - ReactCommon/turbomodule/core (from `../node_modules/react-native/ReactCommon`)
  - RNGestureHandler (from `../node_modules/react-native-gesture-handler`)
  - RNReanimated (from `../node_modules/react-native-reanimated`)
  - RNScreens (from `../node_modules/react-native-screens`)
  - RNStaticSafeAreaInsets (from `../node_modules/react-native-static-safe-area-insets`)
  - RNVectorIcons (from `../node_modules/react-native-vector-icons`)
  - VisionCamera (from `../..`)
  - Yoga (from `../node_modules/react-native/ReactCommon/yoga`)

SPEC REPOS:
  trunk:
    - fmt
    - libevent

EXTERNAL SOURCES:
  boost:
    :podspec: "../node_modules/react-native/third-party-podspecs/boost.podspec"
  DoubleConversion:
    :podspec: "../node_modules/react-native/third-party-podspecs/DoubleConversion.podspec"
  FBLazyVector:
    :path: "../node_modules/react-native/Libraries/FBLazyVector"
  FBReactNativeSpec:
    :path: "../node_modules/react-native/React/FBReactNativeSpec"
  glog:
    :podspec: "../node_modules/react-native/third-party-podspecs/glog.podspec"
  hermes-engine:
    :podspec: "../node_modules/react-native/sdks/hermes-engine/hermes-engine.podspec"
  RCT-Folly:
    :podspec: "../node_modules/react-native/third-party-podspecs/RCT-Folly.podspec"
  RCTRequired:
    :path: "../node_modules/react-native/Libraries/RCTRequired"
  RCTTypeSafety:
    :path: "../node_modules/react-native/Libraries/TypeSafety"
  React:
    :path: "../node_modules/react-native/"
  React-callinvoker:
    :path: "../node_modules/react-native/ReactCommon/callinvoker"
  React-Codegen:
    :path: build/generated/ios
  React-Core:
    :path: "../node_modules/react-native/"
  React-CoreModules:
    :path: "../node_modules/react-native/React/CoreModules"
  React-cxxreact:
    :path: "../node_modules/react-native/ReactCommon/cxxreact"
  React-hermes:
    :path: "../node_modules/react-native/ReactCommon/hermes"
  React-jsi:
    :path: "../node_modules/react-native/ReactCommon/jsi"
  React-jsiexecutor:
    :path: "../node_modules/react-native/ReactCommon/jsiexecutor"
  React-jsinspector:
    :path: "../node_modules/react-native/ReactCommon/jsinspector"
  React-logger:
    :path: "../node_modules/react-native/ReactCommon/logger"
  react-native-blur:
    :path: "../node_modules/@react-native-community/blur"
  react-native-cameraroll:
    :path: "../node_modules/@react-native-camera-roll/camera-roll"
  react-native-safe-area-context:
    :path: "../node_modules/react-native-safe-area-context"
  react-native-skia:
    :path: "../node_modules/@shopify/react-native-skia"
  react-native-slider:
    :path: "../node_modules/@react-native-community/slider"
  react-native-video:
    :path: "../node_modules/react-native-video"
  react-native-worklets:
    :path: "../node_modules/react-native-worklets"
  React-perflogger:
    :path: "../node_modules/react-native/ReactCommon/reactperflogger"
  React-RCTActionSheet:
    :path: "../node_modules/react-native/Libraries/ActionSheetIOS"
  React-RCTAnimation:
    :path: "../node_modules/react-native/Libraries/NativeAnimation"
  React-RCTAppDelegate:
    :path: "../node_modules/react-native/Libraries/AppDelegate"
  React-RCTBlob:
    :path: "../node_modules/react-native/Libraries/Blob"
  React-RCTImage:
    :path: "../node_modules/react-native/Libraries/Image"
  React-RCTLinking:
    :path: "../node_modules/react-native/Libraries/LinkingIOS"
  React-RCTNetwork:
    :path: "../node_modules/react-native/Libraries/Network"
  React-RCTSettings:
    :path: "../node_modules/react-native/Libraries/Settings"
  React-RCTText:
    :path: "../node_modules/react-native/Libraries/Text"
  React-RCTVibration:
    :path: "../node_modules/react-native/Libraries/Vibration"
  React-runtimeexecutor:
    :path: "../node_modules/react-native/ReactCommon/runtimeexecutor"
  ReactCommon:
    :path: "../node_modules/react-native/ReactCommon"
  RNGestureHandler:
    :path: "../node_modules/react-native-gesture-handler"
  RNReanimated:
    :path: "../node_modules/react-native-reanimated"
  RNScreens:
    :path: "../node_modules/react-native-screens"
  RNStaticSafeAreaInsets:
    :path: "../node_modules/react-native-static-safe-area-insets"
  RNVectorIcons:
    :path: "../node_modules/react-native-vector-icons"
  VisionCamera:
    :path: "../.."
  Yoga:
    :path: "../node_modules/react-native/ReactCommon/yoga"

SPEC CHECKSUMS:
  boost: 57d2868c099736d80fcd648bf211b4431e51a558
  DoubleConversion: 5189b271737e1565bdce30deb4a08d647e3f5f54
  FBLazyVector: 446e84642979fff0ba57f3c804c2228a473aeac2
  FBReactNativeSpec: 241709e132e3bf1526c1c4f00bc5384dd39dfba9
  fmt: ff9d55029c625d3757ed641535fd4a75fedc7ce9
  glog: 04b94705f318337d7ead9e6d17c019bd9b1f6b1b
  hermes-engine: 38bfe887e456b33b697187570a08de33969f5db7
  libevent: 4049cae6c81cdb3654a443be001fb9bdceff7913
  RCT-Folly: 424b8c9a7a0b9ab2886ffe9c3b041ef628fd4fb1
  RCTRequired: 5a024fdf458fa8c0d82fc262e76f982d4dcdecdd
  RCTTypeSafety: b6c253064466411c6810b45f66bc1e43ce0c54ba
  React: 715292db5bd46989419445a5547954b25d2090f0
  React-callinvoker: 105392d1179058585b564d35b4592fe1c46d6fba
  React-Codegen: b75333b93d835afce84b73472927cccaef2c9f8c
  React-Core: 88838ed1724c64905fc6c0811d752828a92e395b
  React-CoreModules: cd238b4bb8dc8529ccc8b34ceae7267b04ce1882
  React-cxxreact: 291bfab79d8098dc5ebab98f62e6bdfe81b3955a
  React-hermes: b1e67e9a81c71745704950516f40ee804349641c
  React-jsi: c9d5b563a6af6bb57034a82c2b0d39d0a7483bdc
  React-jsiexecutor: d6b7fa9260aa3cb40afee0507e3bc1d17ecaa6f2
  React-jsinspector: 1f51e775819199d3fe9410e69ee8d4c4161c7b06
  React-logger: 0d58569ec51d30d1792c5e86a8e3b78d24b582c6
  react-native-blur: 50c9feabacbc5f49b61337ebc32192c6be7ec3c3
  react-native-cameraroll: f3050460fe1708378698c16686bfaa5f34099be2
  react-native-safe-area-context: 39c2d8be3328df5d437ac1700f4f3a4f75716acc
  react-native-skia: 8a4e90b1cf38e709491ead1ef1198b298e512640
  react-native-slider: 33b8d190b59d4f67a541061bb91775d53d617d9d
  react-native-video: c26780b224543c62d5e1b2a7244a5cd1b50e8253
  react-native-worklets: c7576ad4ad0f030ff41e8d74ad0077c96054a6c1
  React-perflogger: 0bb0522a12e058f6eb69d888bc16f40c16c4b907
  React-RCTActionSheet: bfd675a10f06a18728ea15d82082d48f228a213a
  React-RCTAnimation: 2fa220b2052ec75b733112aca39143d34546a941
  React-RCTAppDelegate: 8564f93c1d9274e95e3b0c746d08a87ff5a621b2
  React-RCTBlob: d0336111f46301ae8aba2e161817e451aad72dd6
  React-RCTImage: fec592c46edb7c12a9cde08780bdb4a688416c62
  React-RCTLinking: 14eccac5d2a3b34b89dbfa29e8ef6219a153fe2d
  React-RCTNetwork: 1fbce92e772e39ca3687a2ebb854501ff6226dd7
  React-RCTSettings: 1abea36c9bb16d9979df6c4b42e2ea281b4bbcc5
  React-RCTText: 15355c41561a9f43dfd23616d0a0dd40ba05ed61
  React-RCTVibration: ad17efcfb2fa8f6bfd8ac0cf48d96668b8b28e0b
  React-runtimeexecutor: 8fa50b38df6b992c76537993a2b0553d3b088004
  ReactCommon: b49a4b00ca6d181ff74b17c12b2d59ac4add0bde
  RNGestureHandler: 071d7a9ad81e8b83fe7663b303d132406a7d8f39
  RNReanimated: f0dd6b881808e635ef0673f89642937d6c141314
  RNScreens: 218801c16a2782546d30bd2026bb625c0302d70f
  RNStaticSafeAreaInsets: 055ddbf5e476321720457cdaeec0ff2ba40ec1b8
  RNVectorIcons: fcc2f6cb32f5735b586e66d14103a74ce6ad61f8
  VisionCamera: e4f19a6c22cfa146736bdfe8df057e2ed5ca8dd3
  Yoga: 79dd7410de6f8ad73a77c868d3d368843f0c93e0

PODFILE CHECKSUM: d53724fe402c2547f1dd1cc571bbe77d9820e636

COCOAPODS: 1.11.3
