// !$*UTF8*$!
{
	archiveVersion = 1;
	classes = {
	};
	objectVersion = 46;
	objects = {

/* Begin PBXBuildFile section */
		B80175EC2ABDEBD000E7DE90 /* ResizeMode.swift in Sources */ = {isa = PBXBuildFile; fileRef = B80175EB2ABDEBD000E7DE90 /* ResizeMode.swift */; };
		B80C0E00260BDDF7001699AB /* FrameProcessorPluginRegistry.m in Sources */ = {isa = PBXBuildFile; fileRef = B80C0DFF260BDDF7001699AB /* FrameProcessorPluginRegistry.m */; };
		B80E06A0266632F000728644 /* AVAudioSession+updateCategory.swift in Sources */ = {isa = PBXBuildFile; fileRef = B80E069F266632F000728644 /* AVAudioSession+updateCategory.swift */; };
		B81BE1BF26B936FF002696CC /* AVCaptureDevice.Format+videoDimensions.swift in Sources */ = {isa = PBXBuildFile; fileRef = B81BE1BE26B936FF002696CC /* AVCaptureDevice.Format+videoDimensions.swift */; };
		B83D5EE729377117000AFD2F /* PreviewView.swift in Sources */ = {isa = PBXBuildFile; fileRef = B83D5EE629377117000AFD2F /* PreviewView.swift */; };
		B8446E4D2ABA147C00E56077 /* CameraDevicesManager.swift in Sources */ = {isa = PBXBuildFile; fileRef = B8446E4C2ABA147C00E56077 /* CameraDevicesManager.swift */; };
		B8446E502ABA14C900E56077 /* CameraDevicesManager.m in Sources */ = {isa = PBXBuildFile; fileRef = B8446E4F2ABA14C900E56077 /* CameraDevicesManager.m */; };
		B84760A62608EE7C004C3180 /* FrameHostObject.mm in Sources */ = {isa = PBXBuildFile; fileRef = B84760A52608EE7C004C3180 /* FrameHostObject.mm */; };
		B84760DF2608F57D004C3180 /* CameraQueues.swift in Sources */ = {isa = PBXBuildFile; fileRef = B84760DE2608F57D004C3180 /* CameraQueues.swift */; };
		B85F7AE92A77BB680089C539 /* FrameProcessorPlugin.m in Sources */ = {isa = PBXBuildFile; fileRef = B85F7AE82A77BB680089C539 /* FrameProcessorPlugin.m */; };
		B864005027849A2400E9D2CA /* UIInterfaceOrientation+descriptor.swift in Sources */ = {isa = PBXBuildFile; fileRef = B864004F27849A2400E9D2CA /* UIInterfaceOrientation+descriptor.swift */; };
		B86400522784A23400E9D2CA /* CameraView+Orientation.swift in Sources */ = {isa = PBXBuildFile; fileRef = B86400512784A23400E9D2CA /* CameraView+Orientation.swift */; };
		B86DC971260E2D5200FB17B2 /* AVAudioSession+trySetAllowHaptics.swift in Sources */ = {isa = PBXBuildFile; fileRef = B86DC970260E2D5200FB17B2 /* AVAudioSession+trySetAllowHaptics.swift */; };
		B86DC974260E310600FB17B2 /* CameraView+AVAudioSession.swift in Sources */ = {isa = PBXBuildFile; fileRef = B86DC973260E310600FB17B2 /* CameraView+AVAudioSession.swift */; };
		B86DC977260E315100FB17B2 /* CameraView+AVCaptureSession.swift in Sources */ = {isa = PBXBuildFile; fileRef = B86DC976260E315100FB17B2 /* CameraView+AVCaptureSession.swift */; };
		B87B11BF2A8E63B700732EBF /* PixelFormat.swift in Sources */ = {isa = PBXBuildFile; fileRef = B87B11BE2A8E63B700732EBF /* PixelFormat.swift */; };
		B881D35E2ABC775E009B21C8 /* AVCaptureDevice+toDictionary.swift in Sources */ = {isa = PBXBuildFile; fileRef = B881D35D2ABC775E009B21C8 /* AVCaptureDevice+toDictionary.swift */; };
		B881D3602ABC8E4E009B21C8 /* AVCaptureVideoDataOutput+findPixelFormat.swift in Sources */ = {isa = PBXBuildFile; fileRef = B881D35F2ABC8E4E009B21C8 /* AVCaptureVideoDataOutput+findPixelFormat.swift */; };
		B882721026AEB1A100B14107 /* AVCaptureConnection+setInterfaceOrientation.swift in Sources */ = {isa = PBXBuildFile; fileRef = B882720F26AEB1A100B14107 /* AVCaptureConnection+setInterfaceOrientation.swift */; };
		B887518525E0102000DB86D6 /* PhotoCaptureDelegate.swift in Sources */ = {isa = PBXBuildFile; fileRef = B887515C25E0102000DB86D6 /* PhotoCaptureDelegate.swift */; };
		B887518625E0102000DB86D6 /* CameraView+RecordVideo.swift in Sources */ = {isa = PBXBuildFile; fileRef = B887515D25E0102000DB86D6 /* CameraView+RecordVideo.swift */; };
		B887518725E0102000DB86D6 /* CameraViewManager.m in Sources */ = {isa = PBXBuildFile; fileRef = B887515F25E0102000DB86D6 /* CameraViewManager.m */; };
		B887518925E0102000DB86D6 /* Collection+safe.swift in Sources */ = {isa = PBXBuildFile; fileRef = B887516225E0102000DB86D6 /* Collection+safe.swift */; };
		B887518A25E0102000DB86D6 /* AVCaptureDevice+neutralZoom.swift in Sources */ = {isa = PBXBuildFile; fileRef = B887516325E0102000DB86D6 /* AVCaptureDevice+neutralZoom.swift */; };
		B887518B25E0102000DB86D6 /* AVCaptureDevice.Format+isBetterThan.swift in Sources */ = {isa = PBXBuildFile; fileRef = B887516425E0102000DB86D6 /* AVCaptureDevice.Format+isBetterThan.swift */; };
		B887518C25E0102000DB86D6 /* AVCaptureDevice+isMultiCam.swift in Sources */ = {isa = PBXBuildFile; fileRef = B887516525E0102000DB86D6 /* AVCaptureDevice+isMultiCam.swift */; };
		B887518D25E0102000DB86D6 /* AVCaptureDevice+physicalDevices.swift in Sources */ = {isa = PBXBuildFile; fileRef = B887516625E0102000DB86D6 /* AVCaptureDevice+physicalDevices.swift */; };
		B887518E25E0102000DB86D6 /* AVFrameRateRange+includes.swift in Sources */ = {isa = PBXBuildFile; fileRef = B887516725E0102000DB86D6 /* AVFrameRateRange+includes.swift */; };
		B887518F25E0102000DB86D6 /* AVCapturePhotoOutput+mirror.swift in Sources */ = {isa = PBXBuildFile; fileRef = B887516825E0102000DB86D6 /* AVCapturePhotoOutput+mirror.swift */; };
		B887519025E0102000DB86D6 /* AVCaptureDevice.Format+matchesFilter.swift in Sources */ = {isa = PBXBuildFile; fileRef = B887516925E0102000DB86D6 /* AVCaptureDevice.Format+matchesFilter.swift */; };
		B887519125E0102000DB86D6 /* AVCaptureDevice.Format+toDictionary.swift in Sources */ = {isa = PBXBuildFile; fileRef = B887516A25E0102000DB86D6 /* AVCaptureDevice.Format+toDictionary.swift */; };
		B887519425E0102000DB86D6 /* MakeReactError.swift in Sources */ = {isa = PBXBuildFile; fileRef = B887516E25E0102000DB86D6 /* MakeReactError.swift */; };
		B887519525E0102000DB86D6 /* ReactLogger.swift in Sources */ = {isa = PBXBuildFile; fileRef = B887516F25E0102000DB86D6 /* ReactLogger.swift */; };
		B887519625E0102000DB86D6 /* Promise.swift in Sources */ = {isa = PBXBuildFile; fileRef = B887517025E0102000DB86D6 /* Promise.swift */; };
		B887519725E0102000DB86D6 /* CameraView+TakePhoto.swift in Sources */ = {isa = PBXBuildFile; fileRef = B887517125E0102000DB86D6 /* CameraView+TakePhoto.swift */; };
		B887519825E0102000DB86D6 /* EnumParserError.swift in Sources */ = {isa = PBXBuildFile; fileRef = B887517325E0102000DB86D6 /* EnumParserError.swift */; };
		B887519925E0102000DB86D6 /* AVCaptureVideoStabilizationMode+descriptor.swift in Sources */ = {isa = PBXBuildFile; fileRef = B887517425E0102000DB86D6 /* AVCaptureVideoStabilizationMode+descriptor.swift */; };
		B887519A25E0102000DB86D6 /* AVVideoCodecType+descriptor.swift in Sources */ = {isa = PBXBuildFile; fileRef = B887517525E0102000DB86D6 /* AVVideoCodecType+descriptor.swift */; };
		B887519C25E0102000DB86D6 /* AVCaptureDevice.TorchMode+descriptor.swift in Sources */ = {isa = PBXBuildFile; fileRef = B887517725E0102000DB86D6 /* AVCaptureDevice.TorchMode+descriptor.swift */; };
		B887519E25E0102000DB86D6 /* AVCapturePhotoOutput.QualityPrioritization+descriptor.swift in Sources */ = {isa = PBXBuildFile; fileRef = B887517925E0102000DB86D6 /* AVCapturePhotoOutput.QualityPrioritization+descriptor.swift */; };
		B887519F25E0102000DB86D6 /* AVCaptureDevice.DeviceType+physicalDeviceDescriptor.swift in Sources */ = {isa = PBXBuildFile; fileRef = B887517A25E0102000DB86D6 /* AVCaptureDevice.DeviceType+physicalDeviceDescriptor.swift */; };
		B88751A025E0102000DB86D6 /* AVAuthorizationStatus+descriptor.swift in Sources */ = {isa = PBXBuildFile; fileRef = B887517B25E0102000DB86D6 /* AVAuthorizationStatus+descriptor.swift */; };
		B88751A125E0102000DB86D6 /* AVCaptureDevice.Position+descriptor.swift in Sources */ = {isa = PBXBuildFile; fileRef = B887517C25E0102000DB86D6 /* AVCaptureDevice.Position+descriptor.swift */; };
		B88751A325E0102000DB86D6 /* AVCaptureDevice.FlashMode+descriptor.swift in Sources */ = {isa = PBXBuildFile; fileRef = B887517E25E0102000DB86D6 /* AVCaptureDevice.FlashMode+descriptor.swift */; };
		B88751A425E0102000DB86D6 /* AVCaptureDevice.Format.AutoFocusSystem+descriptor.swift in Sources */ = {isa = PBXBuildFile; fileRef = B887517F25E0102000DB86D6 /* AVCaptureDevice.Format.AutoFocusSystem+descriptor.swift */; };
		B88751A525E0102000DB86D6 /* CameraView+Focus.swift in Sources */ = {isa = PBXBuildFile; fileRef = B887518025E0102000DB86D6 /* CameraView+Focus.swift */; };
		B88751A625E0102000DB86D6 /* CameraViewManager.swift in Sources */ = {isa = PBXBuildFile; fileRef = B887518125E0102000DB86D6 /* CameraViewManager.swift */; };
		B88751A725E0102000DB86D6 /* CameraView+Zoom.swift in Sources */ = {isa = PBXBuildFile; fileRef = B887518225E0102000DB86D6 /* CameraView+Zoom.swift */; };
		B88751A825E0102000DB86D6 /* CameraError.swift in Sources */ = {isa = PBXBuildFile; fileRef = B887518325E0102000DB86D6 /* CameraError.swift */; };
		B88751A925E0102000DB86D6 /* CameraView.swift in Sources */ = {isa = PBXBuildFile; fileRef = B887518425E0102000DB86D6 /* CameraView.swift */; };
		B88B47472667C8E00091F538 /* AVCaptureSession+setVideoStabilizationMode.swift in Sources */ = {isa = PBXBuildFile; fileRef = B88B47462667C8E00091F538 /* AVCaptureSession+setVideoStabilizationMode.swift */; };
		B8994E6C263F03E100069589 /* JSINSObjectConversion.mm in Sources */ = {isa = PBXBuildFile; fileRef = B8994E6B263F03E100069589 /* JSINSObjectConversion.mm */; };
		B8BD3BA2266E22D2006C80A2 /* Callback.swift in Sources */ = {isa = PBXBuildFile; fileRef = B8BD3BA1266E22D2006C80A2 /* Callback.swift */; };
		B8D22CDC2642DB4D00234472 /* AVAssetWriterInputPixelBufferAdaptor+initWithVideoSettings.swift in Sources */ = {isa = PBXBuildFile; fileRef = B8D22CDB2642DB4D00234472 /* AVAssetWriterInputPixelBufferAdaptor+initWithVideoSettings.swift */; };
		B8DB3BC8263DC28C004C18D7 /* AVAssetWriter.Status+descriptor.swift in Sources */ = {isa = PBXBuildFile; fileRef = B8DB3BC7263DC28C004C18D7 /* AVAssetWriter.Status+descriptor.swift */; };
		B8DB3BCA263DC4D8004C18D7 /* RecordingSession.swift in Sources */ = {isa = PBXBuildFile; fileRef = B8DB3BC9263DC4D8004C18D7 /* RecordingSession.swift */; };
		B8DB3BCC263DC97E004C18D7 /* AVFileType+descriptor.swift in Sources */ = {isa = PBXBuildFile; fileRef = B8DB3BCB263DC97E004C18D7 /* AVFileType+descriptor.swift */; };
		B8E957D02A693AD2008F5480 /* CameraView+Torch.swift in Sources */ = {isa = PBXBuildFile; fileRef = B8E957CF2A693AD2008F5480 /* CameraView+Torch.swift */; };
/* End PBXBuildFile section */

/* Begin PBXCopyFilesBuildPhase section */
		58B511D91A9E6C8500147676 /* CopyFiles */ = {
			isa = PBXCopyFilesBuildPhase;
			buildActionMask = 2147483647;
			dstPath = "include/$(PRODUCT_NAME)";
			dstSubfolderSpec = 16;
			files = (
			);
			runOnlyForDeploymentPostprocessing = 0;
		};
/* End PBXCopyFilesBuildPhase section */

/* Begin PBXFileReference section */
		134814201AA4EA6300B7C361 /* libVisionCamera.a */ = {isa = PBXFileReference; explicitFileType = archive.ar; includeInIndex = 0; path = libVisionCamera.a; sourceTree = BUILT_PRODUCTS_DIR; };
		B80175EB2ABDEBD000E7DE90 /* ResizeMode.swift */ = {isa = PBXFileReference; lastKnownFileType = sourcecode.swift; path = ResizeMode.swift; sourceTree = "<group>"; };
		B80C02EB2A6A954D001975E2 /* FrameProcessorPluginHostObject.mm */ = {isa = PBXFileReference; lastKnownFileType = sourcecode.cpp.objcpp; path = FrameProcessorPluginHostObject.mm; sourceTree = "<group>"; };
		B80C02EC2A6A9552001975E2 /* FrameProcessorPluginHostObject.h */ = {isa = PBXFileReference; lastKnownFileType = sourcecode.c.h; path = FrameProcessorPluginHostObject.h; sourceTree = "<group>"; };
		B80C0DFE260BDD97001699AB /* FrameProcessorPluginRegistry.h */ = {isa = PBXFileReference; lastKnownFileType = sourcecode.c.h; path = FrameProcessorPluginRegistry.h; sourceTree = "<group>"; };
		B80C0DFF260BDDF7001699AB /* FrameProcessorPluginRegistry.m */ = {isa = PBXFileReference; lastKnownFileType = sourcecode.c.objc; path = FrameProcessorPluginRegistry.m; sourceTree = "<group>"; };
		B80E069F266632F000728644 /* AVAudioSession+updateCategory.swift */ = {isa = PBXFileReference; lastKnownFileType = sourcecode.swift; path = "AVAudioSession+updateCategory.swift"; sourceTree = "<group>"; };
		B8103E5725FF56F0007A1684 /* Frame.h */ = {isa = PBXFileReference; lastKnownFileType = sourcecode.c.h; path = Frame.h; sourceTree = "<group>"; };
		B81BE1BE26B936FF002696CC /* AVCaptureDevice.Format+videoDimensions.swift */ = {isa = PBXFileReference; lastKnownFileType = sourcecode.swift; path = "AVCaptureDevice.Format+videoDimensions.swift"; sourceTree = "<group>"; };
		B81D41EF263C86F900B041FD /* JSINSObjectConversion.h */ = {isa = PBXFileReference; lastKnownFileType = sourcecode.c.h; path = JSINSObjectConversion.h; sourceTree = "<group>"; };
		B83D5EE629377117000AFD2F /* PreviewView.swift */ = {isa = PBXFileReference; lastKnownFileType = sourcecode.swift; path = PreviewView.swift; sourceTree = "<group>"; };
		B8446E4C2ABA147C00E56077 /* CameraDevicesManager.swift */ = {isa = PBXFileReference; lastKnownFileType = sourcecode.swift; path = CameraDevicesManager.swift; sourceTree = "<group>"; };
		B8446E4F2ABA14C900E56077 /* CameraDevicesManager.m */ = {isa = PBXFileReference; lastKnownFileType = sourcecode.c.objc; path = CameraDevicesManager.m; sourceTree = "<group>"; };
		B84760A22608EE38004C3180 /* FrameHostObject.h */ = {isa = PBXFileReference; lastKnownFileType = sourcecode.c.h; path = FrameHostObject.h; sourceTree = "<group>"; };
		B84760A52608EE7C004C3180 /* FrameHostObject.mm */ = {isa = PBXFileReference; lastKnownFileType = sourcecode.cpp.objcpp; path = FrameHostObject.mm; sourceTree = "<group>"; };
		B84760DE2608F57D004C3180 /* CameraQueues.swift */ = {isa = PBXFileReference; lastKnownFileType = sourcecode.swift; path = CameraQueues.swift; sourceTree = "<group>"; };
		B85F7AE82A77BB680089C539 /* FrameProcessorPlugin.m */ = {isa = PBXFileReference; lastKnownFileType = sourcecode.c.objc; path = FrameProcessorPlugin.m; sourceTree = "<group>"; };
		B864004F27849A2400E9D2CA /* UIInterfaceOrientation+descriptor.swift */ = {isa = PBXFileReference; lastKnownFileType = sourcecode.swift; path = "UIInterfaceOrientation+descriptor.swift"; sourceTree = "<group>"; };
		B86400512784A23400E9D2CA /* CameraView+Orientation.swift */ = {isa = PBXFileReference; lastKnownFileType = sourcecode.swift; path = "CameraView+Orientation.swift"; sourceTree = "<group>"; };
		B86DC970260E2D5200FB17B2 /* AVAudioSession+trySetAllowHaptics.swift */ = {isa = PBXFileReference; lastKnownFileType = sourcecode.swift; path = "AVAudioSession+trySetAllowHaptics.swift"; sourceTree = "<group>"; };
		B86DC973260E310600FB17B2 /* CameraView+AVAudioSession.swift */ = {isa = PBXFileReference; lastKnownFileType = sourcecode.swift; path = "CameraView+AVAudioSession.swift"; sourceTree = "<group>"; };
		B86DC976260E315100FB17B2 /* CameraView+AVCaptureSession.swift */ = {isa = PBXFileReference; lastKnownFileType = sourcecode.swift; path = "CameraView+AVCaptureSession.swift"; sourceTree = "<group>"; };
		B87B11BE2A8E63B700732EBF /* PixelFormat.swift */ = {isa = PBXFileReference; lastKnownFileType = sourcecode.swift; path = PixelFormat.swift; sourceTree = "<group>"; };
		B881D35D2ABC775E009B21C8 /* AVCaptureDevice+toDictionary.swift */ = {isa = PBXFileReference; lastKnownFileType = sourcecode.swift; path = "AVCaptureDevice+toDictionary.swift"; sourceTree = "<group>"; };
		B881D35F2ABC8E4E009B21C8 /* AVCaptureVideoDataOutput+findPixelFormat.swift */ = {isa = PBXFileReference; lastKnownFileType = sourcecode.swift; path = "AVCaptureVideoDataOutput+findPixelFormat.swift"; sourceTree = "<group>"; };
		B882720F26AEB1A100B14107 /* AVCaptureConnection+setInterfaceOrientation.swift */ = {isa = PBXFileReference; lastKnownFileType = sourcecode.swift; path = "AVCaptureConnection+setInterfaceOrientation.swift"; sourceTree = "<group>"; };
		B887515C25E0102000DB86D6 /* PhotoCaptureDelegate.swift */ = {isa = PBXFileReference; fileEncoding = 4; lastKnownFileType = sourcecode.swift; path = PhotoCaptureDelegate.swift; sourceTree = "<group>"; };
		B887515D25E0102000DB86D6 /* CameraView+RecordVideo.swift */ = {isa = PBXFileReference; fileEncoding = 4; lastKnownFileType = sourcecode.swift; path = "CameraView+RecordVideo.swift"; sourceTree = "<group>"; };
		B887515E25E0102000DB86D6 /* CameraBridge.h */ = {isa = PBXFileReference; fileEncoding = 4; lastKnownFileType = sourcecode.c.h; path = CameraBridge.h; sourceTree = "<group>"; };
		B887515F25E0102000DB86D6 /* CameraViewManager.m */ = {isa = PBXFileReference; fileEncoding = 4; lastKnownFileType = sourcecode.c.objc; path = CameraViewManager.m; sourceTree = "<group>"; };
		B887516225E0102000DB86D6 /* Collection+safe.swift */ = {isa = PBXFileReference; fileEncoding = 4; lastKnownFileType = sourcecode.swift; path = "Collection+safe.swift"; sourceTree = "<group>"; };
		B887516325E0102000DB86D6 /* AVCaptureDevice+neutralZoom.swift */ = {isa = PBXFileReference; fileEncoding = 4; lastKnownFileType = sourcecode.swift; path = "AVCaptureDevice+neutralZoom.swift"; sourceTree = "<group>"; };
		B887516425E0102000DB86D6 /* AVCaptureDevice.Format+isBetterThan.swift */ = {isa = PBXFileReference; fileEncoding = 4; lastKnownFileType = sourcecode.swift; path = "AVCaptureDevice.Format+isBetterThan.swift"; sourceTree = "<group>"; };
		B887516525E0102000DB86D6 /* AVCaptureDevice+isMultiCam.swift */ = {isa = PBXFileReference; fileEncoding = 4; lastKnownFileType = sourcecode.swift; path = "AVCaptureDevice+isMultiCam.swift"; sourceTree = "<group>"; };
		B887516625E0102000DB86D6 /* AVCaptureDevice+physicalDevices.swift */ = {isa = PBXFileReference; fileEncoding = 4; lastKnownFileType = sourcecode.swift; path = "AVCaptureDevice+physicalDevices.swift"; sourceTree = "<group>"; };
		B887516725E0102000DB86D6 /* AVFrameRateRange+includes.swift */ = {isa = PBXFileReference; fileEncoding = 4; lastKnownFileType = sourcecode.swift; path = "AVFrameRateRange+includes.swift"; sourceTree = "<group>"; };
		B887516825E0102000DB86D6 /* AVCapturePhotoOutput+mirror.swift */ = {isa = PBXFileReference; fileEncoding = 4; lastKnownFileType = sourcecode.swift; path = "AVCapturePhotoOutput+mirror.swift"; sourceTree = "<group>"; };
		B887516925E0102000DB86D6 /* AVCaptureDevice.Format+matchesFilter.swift */ = {isa = PBXFileReference; fileEncoding = 4; lastKnownFileType = sourcecode.swift; path = "AVCaptureDevice.Format+matchesFilter.swift"; sourceTree = "<group>"; };
		B887516A25E0102000DB86D6 /* AVCaptureDevice.Format+toDictionary.swift */ = {isa = PBXFileReference; fileEncoding = 4; lastKnownFileType = sourcecode.swift; path = "AVCaptureDevice.Format+toDictionary.swift"; sourceTree = "<group>"; };
		B887516E25E0102000DB86D6 /* MakeReactError.swift */ = {isa = PBXFileReference; fileEncoding = 4; lastKnownFileType = sourcecode.swift; path = MakeReactError.swift; sourceTree = "<group>"; };
		B887516F25E0102000DB86D6 /* ReactLogger.swift */ = {isa = PBXFileReference; fileEncoding = 4; lastKnownFileType = sourcecode.swift; path = ReactLogger.swift; sourceTree = "<group>"; };
		B887517025E0102000DB86D6 /* Promise.swift */ = {isa = PBXFileReference; fileEncoding = 4; lastKnownFileType = sourcecode.swift; path = Promise.swift; sourceTree = "<group>"; };
		B887517125E0102000DB86D6 /* CameraView+TakePhoto.swift */ = {isa = PBXFileReference; fileEncoding = 4; lastKnownFileType = sourcecode.swift; path = "CameraView+TakePhoto.swift"; sourceTree = "<group>"; };
		B887517325E0102000DB86D6 /* EnumParserError.swift */ = {isa = PBXFileReference; fileEncoding = 4; lastKnownFileType = sourcecode.swift; path = EnumParserError.swift; sourceTree = "<group>"; };
		B887517425E0102000DB86D6 /* AVCaptureVideoStabilizationMode+descriptor.swift */ = {isa = PBXFileReference; fileEncoding = 4; lastKnownFileType = sourcecode.swift; path = "AVCaptureVideoStabilizationMode+descriptor.swift"; sourceTree = "<group>"; };
		B887517525E0102000DB86D6 /* AVVideoCodecType+descriptor.swift */ = {isa = PBXFileReference; fileEncoding = 4; lastKnownFileType = sourcecode.swift; path = "AVVideoCodecType+descriptor.swift"; sourceTree = "<group>"; };
		B887517725E0102000DB86D6 /* AVCaptureDevice.TorchMode+descriptor.swift */ = {isa = PBXFileReference; fileEncoding = 4; lastKnownFileType = sourcecode.swift; path = "AVCaptureDevice.TorchMode+descriptor.swift"; sourceTree = "<group>"; };
		B887517925E0102000DB86D6 /* AVCapturePhotoOutput.QualityPrioritization+descriptor.swift */ = {isa = PBXFileReference; fileEncoding = 4; lastKnownFileType = sourcecode.swift; path = "AVCapturePhotoOutput.QualityPrioritization+descriptor.swift"; sourceTree = "<group>"; };
		B887517A25E0102000DB86D6 /* AVCaptureDevice.DeviceType+physicalDeviceDescriptor.swift */ = {isa = PBXFileReference; fileEncoding = 4; lastKnownFileType = sourcecode.swift; path = "AVCaptureDevice.DeviceType+physicalDeviceDescriptor.swift"; sourceTree = "<group>"; };
		B887517B25E0102000DB86D6 /* AVAuthorizationStatus+descriptor.swift */ = {isa = PBXFileReference; fileEncoding = 4; lastKnownFileType = sourcecode.swift; path = "AVAuthorizationStatus+descriptor.swift"; sourceTree = "<group>"; };
		B887517C25E0102000DB86D6 /* AVCaptureDevice.Position+descriptor.swift */ = {isa = PBXFileReference; fileEncoding = 4; lastKnownFileType = sourcecode.swift; path = "AVCaptureDevice.Position+descriptor.swift"; sourceTree = "<group>"; };
		B887517E25E0102000DB86D6 /* AVCaptureDevice.FlashMode+descriptor.swift */ = {isa = PBXFileReference; fileEncoding = 4; lastKnownFileType = sourcecode.swift; path = "AVCaptureDevice.FlashMode+descriptor.swift"; sourceTree = "<group>"; };
		B887517F25E0102000DB86D6 /* AVCaptureDevice.Format.AutoFocusSystem+descriptor.swift */ = {isa = PBXFileReference; fileEncoding = 4; lastKnownFileType = sourcecode.swift; path = "AVCaptureDevice.Format.AutoFocusSystem+descriptor.swift"; sourceTree = "<group>"; };
		B887518025E0102000DB86D6 /* CameraView+Focus.swift */ = {isa = PBXFileReference; fileEncoding = 4; lastKnownFileType = sourcecode.swift; path = "CameraView+Focus.swift"; sourceTree = "<group>"; };
		B887518125E0102000DB86D6 /* CameraViewManager.swift */ = {isa = PBXFileReference; fileEncoding = 4; lastKnownFileType = sourcecode.swift; path = CameraViewManager.swift; sourceTree = "<group>"; };
		B887518225E0102000DB86D6 /* CameraView+Zoom.swift */ = {isa = PBXFileReference; fileEncoding = 4; lastKnownFileType = sourcecode.swift; path = "CameraView+Zoom.swift"; sourceTree = "<group>"; };
		B887518325E0102000DB86D6 /* CameraError.swift */ = {isa = PBXFileReference; fileEncoding = 4; lastKnownFileType = sourcecode.swift; path = CameraError.swift; sourceTree = "<group>"; };
		B887518425E0102000DB86D6 /* CameraView.swift */ = {isa = PBXFileReference; fileEncoding = 4; lastKnownFileType = sourcecode.swift; path = CameraView.swift; sourceTree = "<group>"; };
		B88873E5263D46C7008B1D0E /* FrameProcessorPlugin.h */ = {isa = PBXFileReference; lastKnownFileType = sourcecode.c.h; path = FrameProcessorPlugin.h; sourceTree = "<group>"; };
		B88B47462667C8E00091F538 /* AVCaptureSession+setVideoStabilizationMode.swift */ = {isa = PBXFileReference; lastKnownFileType = sourcecode.swift; path = "AVCaptureSession+setVideoStabilizationMode.swift"; sourceTree = "<group>"; };
		B8994E6B263F03E100069589 /* JSINSObjectConversion.mm */ = {isa = PBXFileReference; lastKnownFileType = sourcecode.cpp.objcpp; path = JSINSObjectConversion.mm; sourceTree = "<group>"; };
		B8BD3BA1266E22D2006C80A2 /* Callback.swift */ = {isa = PBXFileReference; lastKnownFileType = sourcecode.swift; path = Callback.swift; sourceTree = "<group>"; };
		B8D22CDB2642DB4D00234472 /* AVAssetWriterInputPixelBufferAdaptor+initWithVideoSettings.swift */ = {isa = PBXFileReference; lastKnownFileType = sourcecode.swift; path = "AVAssetWriterInputPixelBufferAdaptor+initWithVideoSettings.swift"; sourceTree = "<group>"; };
		B8DB3BC7263DC28C004C18D7 /* AVAssetWriter.Status+descriptor.swift */ = {isa = PBXFileReference; lastKnownFileType = sourcecode.swift; path = "AVAssetWriter.Status+descriptor.swift"; sourceTree = "<group>"; };
		B8DB3BC9263DC4D8004C18D7 /* RecordingSession.swift */ = {isa = PBXFileReference; lastKnownFileType = sourcecode.swift; path = RecordingSession.swift; sourceTree = "<group>"; };
		B8DB3BCB263DC97E004C18D7 /* AVFileType+descriptor.swift */ = {isa = PBXFileReference; lastKnownFileType = sourcecode.swift; path = "AVFileType+descriptor.swift"; sourceTree = "<group>"; };
		B8E8467D2A696F44000D6A11 /* VisionCameraProxy.h */ = {isa = PBXFileReference; lastKnownFileType = sourcecode.c.h; path = VisionCameraProxy.h; sourceTree = "<group>"; };
		B8E8467E2A696F4D000D6A11 /* VisionCameraProxy.mm */ = {isa = PBXFileReference; lastKnownFileType = sourcecode.cpp.objcpp; path = VisionCameraProxy.mm; sourceTree = "<group>"; };
		B8E957CF2A693AD2008F5480 /* CameraView+Torch.swift */ = {isa = PBXFileReference; lastKnownFileType = sourcecode.swift; path = "CameraView+Torch.swift"; sourceTree = "<group>"; };
		B8F0825E2A6046FC00C17EB6 /* FrameProcessor.h */ = {isa = PBXFileReference; lastKnownFileType = sourcecode.c.h; path = FrameProcessor.h; sourceTree = "<group>"; };
		B8F0825F2A60491900C17EB6 /* FrameProcessor.mm */ = {isa = PBXFileReference; lastKnownFileType = sourcecode.cpp.objcpp; path = FrameProcessor.mm; sourceTree = "<group>"; };
		B8F7DDD1266F715D00120533 /* Frame.m */ = {isa = PBXFileReference; lastKnownFileType = sourcecode.c.objc; path = Frame.m; sourceTree = "<group>"; };
/* End PBXFileReference section */

/* Begin PBXFrameworksBuildPhase section */
		58B511D81A9E6C8500147676 /* Frameworks */ = {
			isa = PBXFrameworksBuildPhase;
			buildActionMask = 2147483647;
			files = (
			);
			runOnlyForDeploymentPostprocessing = 0;
		};
/* End PBXFrameworksBuildPhase section */

/* Begin PBXGroup section */
		134814211AA4EA7D00B7C361 /* Products */ = {
			isa = PBXGroup;
			children = (
				134814201AA4EA6300B7C361 /* libVisionCamera.a */,
			);
			name = Products;
			sourceTree = "<group>";
		};
		58B511D21A9E6C8500147676 = {
			isa = PBXGroup;
			children = (
				B80175EA2ABDEBBB00E7DE90 /* Types */,
				B8DCF2D725EA940700EA5C72 /* Frame Processor */,
				B887515E25E0102000DB86D6 /* CameraBridge.h */,
				B84760DE2608F57D004C3180 /* CameraQueues.swift */,
				B887518325E0102000DB86D6 /* CameraError.swift */,
				B887518425E0102000DB86D6 /* CameraView.swift */,
				B86DC976260E315100FB17B2 /* CameraView+AVCaptureSession.swift */,
				B86DC973260E310600FB17B2 /* CameraView+AVAudioSession.swift */,
				B8E957CF2A693AD2008F5480 /* CameraView+Torch.swift */,
				B887518025E0102000DB86D6 /* CameraView+Focus.swift */,
				B887515D25E0102000DB86D6 /* CameraView+RecordVideo.swift */,
				B887517125E0102000DB86D6 /* CameraView+TakePhoto.swift */,
				B887518225E0102000DB86D6 /* CameraView+Zoom.swift */,
				B86400512784A23400E9D2CA /* CameraView+Orientation.swift */,
				B887515F25E0102000DB86D6 /* CameraViewManager.m */,
				B887518125E0102000DB86D6 /* CameraViewManager.swift */,
				B8446E4F2ABA14C900E56077 /* CameraDevicesManager.m */,
				B8446E4C2ABA147C00E56077 /* CameraDevicesManager.swift */,
				B8DB3BC9263DC4D8004C18D7 /* RecordingSession.swift */,
				B83D5EE629377117000AFD2F /* PreviewView.swift */,
				B887515C25E0102000DB86D6 /* PhotoCaptureDelegate.swift */,
				B887516125E0102000DB86D6 /* Extensions */,
				B887517225E0102000DB86D6 /* Parsers */,
				B887516D25E0102000DB86D6 /* React Utils */,
				134814211AA4EA7D00B7C361 /* Products */,
			);
			sourceTree = "<group>";
		};
		B80175EA2ABDEBBB00E7DE90 /* Types */ = {
			isa = PBXGroup;
			children = (
				B80175EB2ABDEBD000E7DE90 /* ResizeMode.swift */,
			);
			path = Types;
			sourceTree = "<group>";
		};
		B887516125E0102000DB86D6 /* Extensions */ = {
			isa = PBXGroup;
			children = (
				B8D22CDB2642DB4D00234472 /* AVAssetWriterInputPixelBufferAdaptor+initWithVideoSettings.swift */,
				B86DC970260E2D5200FB17B2 /* AVAudioSession+trySetAllowHaptics.swift */,
				B80E069F266632F000728644 /* AVAudioSession+updateCategory.swift */,
				B882720F26AEB1A100B14107 /* AVCaptureConnection+setInterfaceOrientation.swift */,
				B887516325E0102000DB86D6 /* AVCaptureDevice+neutralZoom.swift */,
				B887516425E0102000DB86D6 /* AVCaptureDevice.Format+isBetterThan.swift */,
				B81BE1BE26B936FF002696CC /* AVCaptureDevice.Format+videoDimensions.swift */,
				B887516525E0102000DB86D6 /* AVCaptureDevice+isMultiCam.swift */,
				B887516625E0102000DB86D6 /* AVCaptureDevice+physicalDevices.swift */,
				B887516725E0102000DB86D6 /* AVFrameRateRange+includes.swift */,
				B887516825E0102000DB86D6 /* AVCapturePhotoOutput+mirror.swift */,
				B881D35D2ABC775E009B21C8 /* AVCaptureDevice+toDictionary.swift */,
				B887516925E0102000DB86D6 /* AVCaptureDevice.Format+matchesFilter.swift */,
				B887516A25E0102000DB86D6 /* AVCaptureDevice.Format+toDictionary.swift */,
				B88B47462667C8E00091F538 /* AVCaptureSession+setVideoStabilizationMode.swift */,
				B887516225E0102000DB86D6 /* Collection+safe.swift */,
				B881D35F2ABC8E4E009B21C8 /* AVCaptureVideoDataOutput+findPixelFormat.swift */,
			);
			path = Extensions;
			sourceTree = "<group>";
		};
		B887516D25E0102000DB86D6 /* React Utils */ = {
			isa = PBXGroup;
			children = (
				B887516E25E0102000DB86D6 /* MakeReactError.swift */,
				B887516F25E0102000DB86D6 /* ReactLogger.swift */,
				B887517025E0102000DB86D6 /* Promise.swift */,
				B8BD3BA1266E22D2006C80A2 /* Callback.swift */,
			);
			path = "React Utils";
			sourceTree = "<group>";
		};
		B887517225E0102000DB86D6 /* Parsers */ = {
			isa = PBXGroup;
			children = (
				B887517325E0102000DB86D6 /* EnumParserError.swift */,
				B8DB3BC7263DC28C004C18D7 /* AVAssetWriter.Status+descriptor.swift */,
				B887517425E0102000DB86D6 /* AVCaptureVideoStabilizationMode+descriptor.swift */,
				B887517525E0102000DB86D6 /* AVVideoCodecType+descriptor.swift */,
				B887517725E0102000DB86D6 /* AVCaptureDevice.TorchMode+descriptor.swift */,
				B887517925E0102000DB86D6 /* AVCapturePhotoOutput.QualityPrioritization+descriptor.swift */,
				B887517A25E0102000DB86D6 /* AVCaptureDevice.DeviceType+physicalDeviceDescriptor.swift */,
				B887517B25E0102000DB86D6 /* AVAuthorizationStatus+descriptor.swift */,
				B887517C25E0102000DB86D6 /* AVCaptureDevice.Position+descriptor.swift */,
				B887517E25E0102000DB86D6 /* AVCaptureDevice.FlashMode+descriptor.swift */,
				B887517F25E0102000DB86D6 /* AVCaptureDevice.Format.AutoFocusSystem+descriptor.swift */,
				B8DB3BCB263DC97E004C18D7 /* AVFileType+descriptor.swift */,
				B864004F27849A2400E9D2CA /* UIInterfaceOrientation+descriptor.swift */,
				B87B11BE2A8E63B700732EBF /* PixelFormat.swift */,
			);
			path = Parsers;
			sourceTree = "<group>";
		};
		B8DCF2D725EA940700EA5C72 /* Frame Processor */ = {
			isa = PBXGroup;
			children = (
				B8F0825E2A6046FC00C17EB6 /* FrameProcessor.h */,
				B8F0825F2A60491900C17EB6 /* FrameProcessor.mm */,
				B8103E5725FF56F0007A1684 /* Frame.h */,
				B8F7DDD1266F715D00120533 /* Frame.m */,
				B84760A22608EE38004C3180 /* FrameHostObject.h */,
				B84760A52608EE7C004C3180 /* FrameHostObject.mm */,
				B80C0DFE260BDD97001699AB /* FrameProcessorPluginRegistry.h */,
				B80C0DFF260BDDF7001699AB /* FrameProcessorPluginRegistry.m */,
				B88873E5263D46C7008B1D0E /* FrameProcessorPlugin.h */,
				B8E8467D2A696F44000D6A11 /* VisionCameraProxy.h */,
				B8E8467E2A696F4D000D6A11 /* VisionCameraProxy.mm */,
				B80C02EC2A6A9552001975E2 /* FrameProcessorPluginHostObject.h */,
				B80C02EB2A6A954D001975E2 /* FrameProcessorPluginHostObject.mm */,
				B81D41EF263C86F900B041FD /* JSINSObjectConversion.h */,
				B8994E6B263F03E100069589 /* JSINSObjectConversion.mm */,
				B85F7AE82A77BB680089C539 /* FrameProcessorPlugin.m */,
			);
			path = "Frame Processor";
			sourceTree = "<group>";
		};
/* End PBXGroup section */

/* Begin PBXNativeTarget section */
		58B511DA1A9E6C8500147676 /* VisionCamera */ = {
			isa = PBXNativeTarget;
			buildConfigurationList = 58B511EF1A9E6C8500147676 /* Build configuration list for PBXNativeTarget "VisionCamera" */;
			buildPhases = (
				B80D6CAB25F770FE006F2CB7 /* Run SwiftFormat */,
				B81F6C7625E515810008974A /* Run SwiftLint */,
				58B511D71A9E6C8500147676 /* Sources */,
				58B511D81A9E6C8500147676 /* Frameworks */,
				58B511D91A9E6C8500147676 /* CopyFiles */,
			);
			buildRules = (
			);
			dependencies = (
			);
			name = VisionCamera;
			productName = RCTDataManager;
			productReference = 134814201AA4EA6300B7C361 /* libVisionCamera.a */;
			productType = "com.apple.product-type.library.static";
		};
/* End PBXNativeTarget section */

/* Begin PBXProject section */
		58B511D31A9E6C8500147676 /* Project object */ = {
			isa = PBXProject;
			attributes = {
				LastUpgradeCheck = 1240;
				ORGANIZATIONNAME = mrousavy;
				TargetAttributes = {
					58B511DA1A9E6C8500147676 = {
						CreatedOnToolsVersion = 6.1.1;
					};
				};
			};
			buildConfigurationList = 58B511D61A9E6C8500147676 /* Build configuration list for PBXProject "VisionCamera" */;
			compatibilityVersion = "Xcode 3.2";
			developmentRegion = English;
			hasScannedForEncodings = 0;
			knownRegions = (
				English,
				en,
			);
			mainGroup = 58B511D21A9E6C8500147676;
			productRefGroup = 58B511D21A9E6C8500147676;
			projectDirPath = "";
			projectRoot = "";
			targets = (
				58B511DA1A9E6C8500147676 /* VisionCamera */,
			);
		};
/* End PBXProject section */

/* Begin PBXShellScriptBuildPhase section */
		B80D6CAB25F770FE006F2CB7 /* Run SwiftFormat */ = {
			isa = PBXShellScriptBuildPhase;
			buildActionMask = 2147483647;
			files = (
			);
			inputFileListPaths = (
			);
			inputPaths = (
			);
			name = "Run SwiftFormat";
			outputFileListPaths = (
			);
			outputPaths = (
			);
			runOnlyForDeploymentPostprocessing = 0;
			shellPath = /bin/sh;
			shellScript = "if which swiftformat >/dev/null; then\n  swiftformat .\nelse\n  echo \"warning: SwiftFormat not installed, download from https://github.com/nicklockwood/SwiftFormat\"\nfi\n";
		};
		B81F6C7625E515810008974A /* Run SwiftLint */ = {
			isa = PBXShellScriptBuildPhase;
			buildActionMask = 2147483647;
			files = (
			);
			inputFileListPaths = (
			);
			inputPaths = (
			);
			name = "Run SwiftLint";
			outputFileListPaths = (
			);
			outputPaths = (
			);
			runOnlyForDeploymentPostprocessing = 0;
			shellPath = /bin/sh;
			shellScript = "if which swiftlint >/dev/null; then\n  swiftlint --fix && swiftlint\nelse\n  echo \"warning: SwiftLint not installed, download from https://github.com/realm/SwiftLint\"\nfi\n";
		};
/* End PBXShellScriptBuildPhase section */

/* Begin PBXSourcesBuildPhase section */
		58B511D71A9E6C8500147676 /* Sources */ = {
			isa = PBXSourcesBuildPhase;
			buildActionMask = 2147483647;
			files = (
				B86DC974260E310600FB17B2 /* CameraView+AVAudioSession.swift in Sources */,
				B887518625E0102000DB86D6 /* CameraView+RecordVideo.swift in Sources */,
				B81BE1BF26B936FF002696CC /* AVCaptureDevice.Format+videoDimensions.swift in Sources */,
				B8DB3BCA263DC4D8004C18D7 /* RecordingSession.swift in Sources */,
				B83D5EE729377117000AFD2F /* PreviewView.swift in Sources */,
				B887518925E0102000DB86D6 /* Collection+safe.swift in Sources */,
				B887519125E0102000DB86D6 /* AVCaptureDevice.Format+toDictionary.swift in Sources */,
				B887519725E0102000DB86D6 /* CameraView+TakePhoto.swift in Sources */,
				B887519825E0102000DB86D6 /* EnumParserError.swift in Sources */,
				B887518C25E0102000DB86D6 /* AVCaptureDevice+isMultiCam.swift in Sources */,
				B887518D25E0102000DB86D6 /* AVCaptureDevice+physicalDevices.swift in Sources */,
				B887519625E0102000DB86D6 /* Promise.swift in Sources */,
				B8DB3BC8263DC28C004C18D7 /* AVAssetWriter.Status+descriptor.swift in Sources */,
				B887518725E0102000DB86D6 /* CameraViewManager.m in Sources */,
				B88751A925E0102000DB86D6 /* CameraView.swift in Sources */,
				B887519925E0102000DB86D6 /* AVCaptureVideoStabilizationMode+descriptor.swift in Sources */,
				B80E06A0266632F000728644 /* AVAudioSession+updateCategory.swift in Sources */,
				B887519425E0102000DB86D6 /* MakeReactError.swift in Sources */,
				B887519525E0102000DB86D6 /* ReactLogger.swift in Sources */,
				B86400522784A23400E9D2CA /* CameraView+Orientation.swift in Sources */,
				B88751A725E0102000DB86D6 /* CameraView+Zoom.swift in Sources */,
				B887518525E0102000DB86D6 /* PhotoCaptureDelegate.swift in Sources */,
				B887518B25E0102000DB86D6 /* AVCaptureDevice.Format+isBetterThan.swift in Sources */,
				B8BD3BA2266E22D2006C80A2 /* Callback.swift in Sources */,
				B84760A62608EE7C004C3180 /* FrameHostObject.mm in Sources */,
				B864005027849A2400E9D2CA /* UIInterfaceOrientation+descriptor.swift in Sources */,
				B887518E25E0102000DB86D6 /* AVFrameRateRange+includes.swift in Sources */,
				B88751A125E0102000DB86D6 /* AVCaptureDevice.Position+descriptor.swift in Sources */,
				B882721026AEB1A100B14107 /* AVCaptureConnection+setInterfaceOrientation.swift in Sources */,
				B8E957D02A693AD2008F5480 /* CameraView+Torch.swift in Sources */,
				B881D3602ABC8E4E009B21C8 /* AVCaptureVideoDataOutput+findPixelFormat.swift in Sources */,
				B86DC977260E315100FB17B2 /* CameraView+AVCaptureSession.swift in Sources */,
				B887518A25E0102000DB86D6 /* AVCaptureDevice+neutralZoom.swift in Sources */,
				B88751A325E0102000DB86D6 /* AVCaptureDevice.FlashMode+descriptor.swift in Sources */,
				B887519A25E0102000DB86D6 /* AVVideoCodecType+descriptor.swift in Sources */,
				B88751A825E0102000DB86D6 /* CameraError.swift in Sources */,
				B85F7AE92A77BB680089C539 /* FrameProcessorPlugin.m in Sources */,
				B881D35E2ABC775E009B21C8 /* AVCaptureDevice+toDictionary.swift in Sources */,
				B87B11BF2A8E63B700732EBF /* PixelFormat.swift in Sources */,
				B88751A625E0102000DB86D6 /* CameraViewManager.swift in Sources */,
				B80175EC2ABDEBD000E7DE90 /* ResizeMode.swift in Sources */,
				B887519F25E0102000DB86D6 /* AVCaptureDevice.DeviceType+physicalDeviceDescriptor.swift in Sources */,
				B8D22CDC2642DB4D00234472 /* AVAssetWriterInputPixelBufferAdaptor+initWithVideoSettings.swift in Sources */,
				B84760DF2608F57D004C3180 /* CameraQueues.swift in Sources */,
				B8446E502ABA14C900E56077 /* CameraDevicesManager.m in Sources */,
				B887519025E0102000DB86D6 /* AVCaptureDevice.Format+matchesFilter.swift in Sources */,
				B887518F25E0102000DB86D6 /* AVCapturePhotoOutput+mirror.swift in Sources */,
				B88751A425E0102000DB86D6 /* AVCaptureDevice.Format.AutoFocusSystem+descriptor.swift in Sources */,
				B8DB3BCC263DC97E004C18D7 /* AVFileType+descriptor.swift in Sources */,
				B88751A025E0102000DB86D6 /* AVAuthorizationStatus+descriptor.swift in Sources */,
				B8446E4D2ABA147C00E56077 /* CameraDevicesManager.swift in Sources */,
				B80C0E00260BDDF7001699AB /* FrameProcessorPluginRegistry.m in Sources */,
				B887519C25E0102000DB86D6 /* AVCaptureDevice.TorchMode+descriptor.swift in Sources */,
				B8994E6C263F03E100069589 /* JSINSObjectConversion.mm in Sources */,
				B88751A525E0102000DB86D6 /* CameraView+Focus.swift in Sources */,
				B86DC971260E2D5200FB17B2 /* AVAudioSession+trySetAllowHaptics.swift in Sources */,
				B88B47472667C8E00091F538 /* AVCaptureSession+setVideoStabilizationMode.swift in Sources */,
				B887519E25E0102000DB86D6 /* AVCapturePhotoOutput.QualityPrioritization+descriptor.swift in Sources */,
			);
			runOnlyForDeploymentPostprocessing = 0;
		};
/* End PBXSourcesBuildPhase section */

/* Begin XCBuildConfiguration section */
		58B511ED1A9E6C8500147676 /* Debug */ = {
			isa = XCBuildConfiguration;
			buildSettings = {
				ALWAYS_SEARCH_USER_PATHS = NO;
				CLANG_CXX_LANGUAGE_STANDARD = "gnu++0x";
				CLANG_CXX_LIBRARY = "libc++";
				CLANG_ENABLE_MODULES = YES;
				CLANG_ENABLE_OBJC_ARC = YES;
				CLANG_WARN_BLOCK_CAPTURE_AUTORELEASING = YES;
				CLANG_WARN_BOOL_CONVERSION = YES;
				CLANG_WARN_COMMA = YES;
				CLANG_WARN_CONSTANT_CONVERSION = YES;
				CLANG_WARN_DEPRECATED_OBJC_IMPLEMENTATIONS = YES;
				CLANG_WARN_DIRECT_OBJC_ISA_USAGE = YES_ERROR;
				CLANG_WARN_EMPTY_BODY = YES;
				CLANG_WARN_ENUM_CONVERSION = YES;
				CLANG_WARN_INFINITE_RECURSION = YES;
				CLANG_WARN_INT_CONVERSION = YES;
				CLANG_WARN_NON_LITERAL_NULL_CONVERSION = YES;
				CLANG_WARN_OBJC_IMPLICIT_RETAIN_SELF = YES;
				CLANG_WARN_OBJC_LITERAL_CONVERSION = YES;
				CLANG_WARN_OBJC_ROOT_CLASS = YES_ERROR;
				CLANG_WARN_QUOTED_INCLUDE_IN_FRAMEWORK_HEADER = YES;
				CLANG_WARN_RANGE_LOOP_ANALYSIS = YES;
				CLANG_WARN_STRICT_PROTOTYPES = YES;
				CLANG_WARN_SUSPICIOUS_MOVE = YES;
				CLANG_WARN_UNREACHABLE_CODE = YES;
				CLANG_WARN__DUPLICATE_METHOD_MATCH = YES;
				COPY_PHASE_STRIP = NO;
				ENABLE_STRICT_OBJC_MSGSEND = YES;
				ENABLE_TESTABILITY = YES;
				GCC_C_LANGUAGE_STANDARD = gnu99;
				GCC_DYNAMIC_NO_PIC = NO;
				GCC_NO_COMMON_BLOCKS = YES;
				GCC_OPTIMIZATION_LEVEL = 0;
				GCC_PREPROCESSOR_DEFINITIONS = (
					"DEBUG=1",
					"$(inherited)",
				);
				GCC_SYMBOLS_PRIVATE_EXTERN = NO;
				GCC_WARN_64_TO_32_BIT_CONVERSION = YES;
				GCC_WARN_ABOUT_RETURN_TYPE = YES_ERROR;
				GCC_WARN_UNDECLARED_SELECTOR = YES;
				GCC_WARN_UNINITIALIZED_AUTOS = YES_AGGRESSIVE;
				GCC_WARN_UNUSED_FUNCTION = YES;
				GCC_WARN_UNUSED_VARIABLE = YES;
				IPHONEOS_DEPLOYMENT_TARGET = 11.0;
				MTL_ENABLE_DEBUG_INFO = YES;
				ONLY_ACTIVE_ARCH = YES;
				SDKROOT = iphoneos;
			};
			name = Debug;
		};
		58B511EE1A9E6C8500147676 /* Release */ = {
			isa = XCBuildConfiguration;
			buildSettings = {
				ALWAYS_SEARCH_USER_PATHS = NO;
				CLANG_CXX_LANGUAGE_STANDARD = "gnu++0x";
				CLANG_CXX_LIBRARY = "libc++";
				CLANG_ENABLE_MODULES = YES;
				CLANG_ENABLE_OBJC_ARC = YES;
				CLANG_WARN_BLOCK_CAPTURE_AUTORELEASING = YES;
				CLANG_WARN_BOOL_CONVERSION = YES;
				CLANG_WARN_COMMA = YES;
				CLANG_WARN_CONSTANT_CONVERSION = YES;
				CLANG_WARN_DEPRECATED_OBJC_IMPLEMENTATIONS = YES;
				CLANG_WARN_DIRECT_OBJC_ISA_USAGE = YES_ERROR;
				CLANG_WARN_EMPTY_BODY = YES;
				CLANG_WARN_ENUM_CONVERSION = YES;
				CLANG_WARN_INFINITE_RECURSION = YES;
				CLANG_WARN_INT_CONVERSION = YES;
				CLANG_WARN_NON_LITERAL_NULL_CONVERSION = YES;
				CLANG_WARN_OBJC_IMPLICIT_RETAIN_SELF = YES;
				CLANG_WARN_OBJC_LITERAL_CONVERSION = YES;
				CLANG_WARN_OBJC_ROOT_CLASS = YES_ERROR;
				CLANG_WARN_QUOTED_INCLUDE_IN_FRAMEWORK_HEADER = YES;
				CLANG_WARN_RANGE_LOOP_ANALYSIS = YES;
				CLANG_WARN_STRICT_PROTOTYPES = YES;
				CLANG_WARN_SUSPICIOUS_MOVE = YES;
				CLANG_WARN_UNREACHABLE_CODE = YES;
				CLANG_WARN__DUPLICATE_METHOD_MATCH = YES;
				COPY_PHASE_STRIP = YES;
				ENABLE_NS_ASSERTIONS = NO;
				ENABLE_STRICT_OBJC_MSGSEND = YES;
				GCC_C_LANGUAGE_STANDARD = gnu99;
				GCC_NO_COMMON_BLOCKS = YES;
				GCC_WARN_64_TO_32_BIT_CONVERSION = YES;
				GCC_WARN_ABOUT_RETURN_TYPE = YES_ERROR;
				GCC_WARN_UNDECLARED_SELECTOR = YES;
				GCC_WARN_UNINITIALIZED_AUTOS = YES_AGGRESSIVE;
				GCC_WARN_UNUSED_FUNCTION = YES;
				GCC_WARN_UNUSED_VARIABLE = YES;
				IPHONEOS_DEPLOYMENT_TARGET = 11.0;
				MTL_ENABLE_DEBUG_INFO = NO;
				SDKROOT = iphoneos;
				SWIFT_COMPILATION_MODE = wholemodule;
				VALIDATE_PRODUCT = YES;
			};
			name = Release;
		};
		58B511F01A9E6C8500147676 /* Debug */ = {
			isa = XCBuildConfiguration;
			buildSettings = {
				DEFINES_MODULE = YES;
				HEADER_SEARCH_PATHS = (
					"$(inherited)",
					/Applications/Xcode.app/Contents/Developer/Toolchains/XcodeDefault.xctoolchain/usr/include,
					"$(SRCROOT)/../../../React/**",
					"$(SRCROOT)/../../react-native/React/**",
				);
				LIBRARY_SEARCH_PATHS = "$(inherited)";
				OTHER_LDFLAGS = "-ObjC";
				PRODUCT_NAME = VisionCamera;
				SKIP_INSTALL = YES;
				SWIFT_OBJC_BRIDGING_HEADER = CameraBridge.h;
				SWIFT_OPTIMIZATION_LEVEL = "-Onone";
				SWIFT_VERSION = 5.2;
				USER_HEADER_SEARCH_PATHS = "\"$(SRCROOT)/../cpp\"/**";
			};
			name = Debug;
		};
		58B511F11A9E6C8500147676 /* Release */ = {
			isa = XCBuildConfiguration;
			buildSettings = {
				DEFINES_MODULE = YES;
				HEADER_SEARCH_PATHS = (
					"$(inherited)",
					/Applications/Xcode.app/Contents/Developer/Toolchains/XcodeDefault.xctoolchain/usr/include,
					"$(SRCROOT)/../../../React/**",
					"$(SRCROOT)/../../react-native/React/**",
				);
				LIBRARY_SEARCH_PATHS = "$(inherited)";
				OTHER_LDFLAGS = "-ObjC";
				PRODUCT_NAME = VisionCamera;
				SKIP_INSTALL = YES;
				SWIFT_OBJC_BRIDGING_HEADER = CameraBridge.h;
				SWIFT_VERSION = 5.2;
				USER_HEADER_SEARCH_PATHS = "\"$(SRCROOT)/../cpp\"/**";
			};
			name = Release;
		};
/* End XCBuildConfiguration section */

/* Begin XCConfigurationList section */
		58B511D61A9E6C8500147676 /* Build configuration list for PBXProject "VisionCamera" */ = {
			isa = XCConfigurationList;
			buildConfigurations = (
				58B511ED1A9E6C8500147676 /* Debug */,
				58B511EE1A9E6C8500147676 /* Release */,
			);
			defaultConfigurationIsVisible = 0;
			defaultConfigurationName = Release;
		};
		58B511EF1A9E6C8500147676 /* Build configuration list for PBXNativeTarget "VisionCamera" */ = {
			isa = XCConfigurationList;
			buildConfigurations = (
				58B511F01A9E6C8500147676 /* Debug */,
				58B511F11A9E6C8500147676 /* Release */,
			);
			defaultConfigurationIsVisible = 0;
			defaultConfigurationName = Release;
		};
/* End XCConfigurationList section */
	};
	rootObject = 58B511D31A9E6C8500147676 /* Project object */;
}
