// !$*UTF8*$!
{
	archiveVersion = 1;
	classes = {
	};
	objectVersion = 46;
	objects = {

/* Begin PBXBuildFile section */
		B887518525E0102000DB86D6 /* PhotoCaptureDelegate.swift in Sources */ = {isa = PBXBuildFile; fileRef = B887515C25E0102000DB86D6 /* PhotoCaptureDelegate.swift */; };
		B887518625E0102000DB86D6 /* CameraView+RecordVideo.swift in Sources */ = {isa = PBXBuildFile; fileRef = B887515D25E0102000DB86D6 /* CameraView+RecordVideo.swift */; };
		B887518725E0102000DB86D6 /* CameraViewManager.m in Sources */ = {isa = PBXBuildFile; fileRef = B887515F25E0102000DB86D6 /* CameraViewManager.m */; };
		B887518825E0102000DB86D6 /* VideoCaptureDelegate.swift in Sources */ = {isa = PBXBuildFile; fileRef = B887516025E0102000DB86D6 /* VideoCaptureDelegate.swift */; };
		B887518925E0102000DB86D6 /* Collection+safe.swift in Sources */ = {isa = PBXBuildFile; fileRef = B887516225E0102000DB86D6 /* Collection+safe.swift */; };
		B887518A25E0102000DB86D6 /* AVCaptureDevice+neutralZoom.swift in Sources */ = {isa = PBXBuildFile; fileRef = B887516325E0102000DB86D6 /* AVCaptureDevice+neutralZoom.swift */; };
		B887518B25E0102000DB86D6 /* AVCaptureDevice.Format+isBetterThan.swift in Sources */ = {isa = PBXBuildFile; fileRef = B887516425E0102000DB86D6 /* AVCaptureDevice.Format+isBetterThan.swift */; };
		B887518C25E0102000DB86D6 /* AVCaptureDevice+isMultiCam.swift in Sources */ = {isa = PBXBuildFile; fileRef = B887516525E0102000DB86D6 /* AVCaptureDevice+isMultiCam.swift */; };
		B887518D25E0102000DB86D6 /* AVCaptureDevice+physicalDevices.swift in Sources */ = {isa = PBXBuildFile; fileRef = B887516625E0102000DB86D6 /* AVCaptureDevice+physicalDevices.swift */; };
		B887518E25E0102000DB86D6 /* AVFrameRateRange+includes.swift in Sources */ = {isa = PBXBuildFile; fileRef = B887516725E0102000DB86D6 /* AVFrameRateRange+includes.swift */; };
		B887518F25E0102000DB86D6 /* AVCapturePhotoOutput+mirror.swift in Sources */ = {isa = PBXBuildFile; fileRef = B887516825E0102000DB86D6 /* AVCapturePhotoOutput+mirror.swift */; };
		B887519025E0102000DB86D6 /* AVCaptureDevice.Format+matchesFilter.swift in Sources */ = {isa = PBXBuildFile; fileRef = B887516925E0102000DB86D6 /* AVCaptureDevice.Format+matchesFilter.swift */; };
		B887519125E0102000DB86D6 /* AVCaptureDevice.Format+toDictionary.swift in Sources */ = {isa = PBXBuildFile; fileRef = B887516A25E0102000DB86D6 /* AVCaptureDevice.Format+toDictionary.swift */; };
		B887519225E0102000DB86D6 /* AVCaptureMovieFileOutput+mirror.swift in Sources */ = {isa = PBXBuildFile; fileRef = B887516B25E0102000DB86D6 /* AVCaptureMovieFileOutput+mirror.swift */; };
		B887519325E0102000DB86D6 /* CameraView+CodeScanning.swift in Sources */ = {isa = PBXBuildFile; fileRef = B887516C25E0102000DB86D6 /* CameraView+CodeScanning.swift */; };
		B887519425E0102000DB86D6 /* MakeReactError.swift in Sources */ = {isa = PBXBuildFile; fileRef = B887516E25E0102000DB86D6 /* MakeReactError.swift */; };
		B887519525E0102000DB86D6 /* ReactLogger.swift in Sources */ = {isa = PBXBuildFile; fileRef = B887516F25E0102000DB86D6 /* ReactLogger.swift */; };
		B887519625E0102000DB86D6 /* Promise.swift in Sources */ = {isa = PBXBuildFile; fileRef = B887517025E0102000DB86D6 /* Promise.swift */; };
		B887519725E0102000DB86D6 /* CameraView+TakePhoto.swift in Sources */ = {isa = PBXBuildFile; fileRef = B887517125E0102000DB86D6 /* CameraView+TakePhoto.swift */; };
		B887519825E0102000DB86D6 /* EnumParserError.swift in Sources */ = {isa = PBXBuildFile; fileRef = B887517325E0102000DB86D6 /* EnumParserError.swift */; };
		B887519925E0102000DB86D6 /* AVCaptureVideoStabilizationMode+descriptor.swift in Sources */ = {isa = PBXBuildFile; fileRef = B887517425E0102000DB86D6 /* AVCaptureVideoStabilizationMode+descriptor.swift */; };
		B887519A25E0102000DB86D6 /* AVVideoCodecType+descriptor.swift in Sources */ = {isa = PBXBuildFile; fileRef = B887517525E0102000DB86D6 /* AVVideoCodecType+descriptor.swift */; };
		B887519B25E0102000DB86D6 /* AVCaptureSession.Preset+descriptor.swift in Sources */ = {isa = PBXBuildFile; fileRef = B887517625E0102000DB86D6 /* AVCaptureSession.Preset+descriptor.swift */; };
		B887519C25E0102000DB86D6 /* AVCaptureDevice.TorchMode+descriptor.swift in Sources */ = {isa = PBXBuildFile; fileRef = B887517725E0102000DB86D6 /* AVCaptureDevice.TorchMode+descriptor.swift */; };
		B887519D25E0102000DB86D6 /* AVMetadataObject.ObjectType+descriptor.swift in Sources */ = {isa = PBXBuildFile; fileRef = B887517825E0102000DB86D6 /* AVMetadataObject.ObjectType+descriptor.swift */; };
		B887519E25E0102000DB86D6 /* AVCapturePhotoOutput.QualityPrioritization+descriptor.swift in Sources */ = {isa = PBXBuildFile; fileRef = B887517925E0102000DB86D6 /* AVCapturePhotoOutput.QualityPrioritization+descriptor.swift */; };
		B887519F25E0102000DB86D6 /* AVCaptureDevice.DeviceType+descriptor.swift in Sources */ = {isa = PBXBuildFile; fileRef = B887517A25E0102000DB86D6 /* AVCaptureDevice.DeviceType+descriptor.swift */; };
		B88751A025E0102000DB86D6 /* AVAuthorizationStatus+descriptor.swift in Sources */ = {isa = PBXBuildFile; fileRef = B887517B25E0102000DB86D6 /* AVAuthorizationStatus+descriptor.swift */; };
		B88751A125E0102000DB86D6 /* AVCaptureDevice.Position+descriptor.swift in Sources */ = {isa = PBXBuildFile; fileRef = B887517C25E0102000DB86D6 /* AVCaptureDevice.Position+descriptor.swift */; };
		B88751A225E0102000DB86D6 /* AVCaptureColorSpace+descriptor.swift in Sources */ = {isa = PBXBuildFile; fileRef = B887517D25E0102000DB86D6 /* AVCaptureColorSpace+descriptor.swift */; };
		B88751A325E0102000DB86D6 /* AVCaptureDevice.FlashMode+descriptor.swift in Sources */ = {isa = PBXBuildFile; fileRef = B887517E25E0102000DB86D6 /* AVCaptureDevice.FlashMode+descriptor.swift */; };
		B88751A425E0102000DB86D6 /* AVCaptureDevice.Format.AutoFocusSystem+descriptor.swift in Sources */ = {isa = PBXBuildFile; fileRef = B887517F25E0102000DB86D6 /* AVCaptureDevice.Format.AutoFocusSystem+descriptor.swift */; };
		B88751A525E0102000DB86D6 /* CameraView+Focus.swift in Sources */ = {isa = PBXBuildFile; fileRef = B887518025E0102000DB86D6 /* CameraView+Focus.swift */; };
		B88751A625E0102000DB86D6 /* CameraViewManager.swift in Sources */ = {isa = PBXBuildFile; fileRef = B887518125E0102000DB86D6 /* CameraViewManager.swift */; };
		B88751A725E0102000DB86D6 /* CameraView+Zoom.swift in Sources */ = {isa = PBXBuildFile; fileRef = B887518225E0102000DB86D6 /* CameraView+Zoom.swift */; };
		B88751A825E0102000DB86D6 /* CameraError.swift in Sources */ = {isa = PBXBuildFile; fileRef = B887518325E0102000DB86D6 /* CameraError.swift */; };
		B88751A925E0102000DB86D6 /* CameraView.swift in Sources */ = {isa = PBXBuildFile; fileRef = B887518425E0102000DB86D6 /* CameraView.swift */; };
/* End PBXBuildFile section */

/* Begin PBXCopyFilesBuildPhase section */
		58B511D91A9E6C8500147676 /* CopyFiles */ = {
			isa = PBXCopyFilesBuildPhase;
			buildActionMask = 2147483647;
			dstPath = "include/$(PRODUCT_NAME)";
			dstSubfolderSpec = 16;
			files = (
			);
			runOnlyForDeploymentPostprocessing = 0;
		};
/* End PBXCopyFilesBuildPhase section */

/* Begin PBXFileReference section */
		134814201AA4EA6300B7C361 /* libVisionCamera.a */ = {isa = PBXFileReference; explicitFileType = archive.ar; includeInIndex = 0; path = libVisionCamera.a; sourceTree = BUILT_PRODUCTS_DIR; };
		B887515C25E0102000DB86D6 /* PhotoCaptureDelegate.swift */ = {isa = PBXFileReference; fileEncoding = 4; lastKnownFileType = sourcecode.swift; path = PhotoCaptureDelegate.swift; sourceTree = "<group>"; };
		B887515D25E0102000DB86D6 /* CameraView+RecordVideo.swift */ = {isa = PBXFileReference; fileEncoding = 4; lastKnownFileType = sourcecode.swift; path = "CameraView+RecordVideo.swift"; sourceTree = "<group>"; };
		B887515E25E0102000DB86D6 /* CameraBridge.h */ = {isa = PBXFileReference; fileEncoding = 4; lastKnownFileType = sourcecode.c.h; path = CameraBridge.h; sourceTree = "<group>"; };
		B887515F25E0102000DB86D6 /* CameraViewManager.m */ = {isa = PBXFileReference; fileEncoding = 4; lastKnownFileType = sourcecode.c.objc; path = CameraViewManager.m; sourceTree = "<group>"; };
		B887516025E0102000DB86D6 /* VideoCaptureDelegate.swift */ = {isa = PBXFileReference; fileEncoding = 4; lastKnownFileType = sourcecode.swift; path = VideoCaptureDelegate.swift; sourceTree = "<group>"; };
		B887516225E0102000DB86D6 /* Collection+safe.swift */ = {isa = PBXFileReference; fileEncoding = 4; lastKnownFileType = sourcecode.swift; path = "Collection+safe.swift"; sourceTree = "<group>"; };
		B887516325E0102000DB86D6 /* AVCaptureDevice+neutralZoom.swift */ = {isa = PBXFileReference; fileEncoding = 4; lastKnownFileType = sourcecode.swift; path = "AVCaptureDevice+neutralZoom.swift"; sourceTree = "<group>"; };
		B887516425E0102000DB86D6 /* AVCaptureDevice.Format+isBetterThan.swift */ = {isa = PBXFileReference; fileEncoding = 4; lastKnownFileType = sourcecode.swift; path = "AVCaptureDevice.Format+isBetterThan.swift"; sourceTree = "<group>"; };
		B887516525E0102000DB86D6 /* AVCaptureDevice+isMultiCam.swift */ = {isa = PBXFileReference; fileEncoding = 4; lastKnownFileType = sourcecode.swift; path = "AVCaptureDevice+isMultiCam.swift"; sourceTree = "<group>"; };
		B887516625E0102000DB86D6 /* AVCaptureDevice+physicalDevices.swift */ = {isa = PBXFileReference; fileEncoding = 4; lastKnownFileType = sourcecode.swift; path = "AVCaptureDevice+physicalDevices.swift"; sourceTree = "<group>"; };
		B887516725E0102000DB86D6 /* AVFrameRateRange+includes.swift */ = {isa = PBXFileReference; fileEncoding = 4; lastKnownFileType = sourcecode.swift; path = "AVFrameRateRange+includes.swift"; sourceTree = "<group>"; };
		B887516825E0102000DB86D6 /* AVCapturePhotoOutput+mirror.swift */ = {isa = PBXFileReference; fileEncoding = 4; lastKnownFileType = sourcecode.swift; path = "AVCapturePhotoOutput+mirror.swift"; sourceTree = "<group>"; };
		B887516925E0102000DB86D6 /* AVCaptureDevice.Format+matchesFilter.swift */ = {isa = PBXFileReference; fileEncoding = 4; lastKnownFileType = sourcecode.swift; path = "AVCaptureDevice.Format+matchesFilter.swift"; sourceTree = "<group>"; };
		B887516A25E0102000DB86D6 /* AVCaptureDevice.Format+toDictionary.swift */ = {isa = PBXFileReference; fileEncoding = 4; lastKnownFileType = sourcecode.swift; path = "AVCaptureDevice.Format+toDictionary.swift"; sourceTree = "<group>"; };
		B887516B25E0102000DB86D6 /* AVCaptureMovieFileOutput+mirror.swift */ = {isa = PBXFileReference; fileEncoding = 4; lastKnownFileType = sourcecode.swift; path = "AVCaptureMovieFileOutput+mirror.swift"; sourceTree = "<group>"; };
		B887516C25E0102000DB86D6 /* CameraView+CodeScanning.swift */ = {isa = PBXFileReference; fileEncoding = 4; lastKnownFileType = sourcecode.swift; path = "CameraView+CodeScanning.swift"; sourceTree = "<group>"; };
		B887516E25E0102000DB86D6 /* MakeReactError.swift */ = {isa = PBXFileReference; fileEncoding = 4; lastKnownFileType = sourcecode.swift; path = MakeReactError.swift; sourceTree = "<group>"; };
		B887516F25E0102000DB86D6 /* ReactLogger.swift */ = {isa = PBXFileReference; fileEncoding = 4; lastKnownFileType = sourcecode.swift; path = ReactLogger.swift; sourceTree = "<group>"; };
		B887517025E0102000DB86D6 /* Promise.swift */ = {isa = PBXFileReference; fileEncoding = 4; lastKnownFileType = sourcecode.swift; path = Promise.swift; sourceTree = "<group>"; };
		B887517125E0102000DB86D6 /* CameraView+TakePhoto.swift */ = {isa = PBXFileReference; fileEncoding = 4; lastKnownFileType = sourcecode.swift; path = "CameraView+TakePhoto.swift"; sourceTree = "<group>"; };
		B887517325E0102000DB86D6 /* EnumParserError.swift */ = {isa = PBXFileReference; fileEncoding = 4; lastKnownFileType = sourcecode.swift; path = EnumParserError.swift; sourceTree = "<group>"; };
		B887517425E0102000DB86D6 /* AVCaptureVideoStabilizationMode+descriptor.swift */ = {isa = PBXFileReference; fileEncoding = 4; lastKnownFileType = sourcecode.swift; path = "AVCaptureVideoStabilizationMode+descriptor.swift"; sourceTree = "<group>"; };
		B887517525E0102000DB86D6 /* AVVideoCodecType+descriptor.swift */ = {isa = PBXFileReference; fileEncoding = 4; lastKnownFileType = sourcecode.swift; path = "AVVideoCodecType+descriptor.swift"; sourceTree = "<group>"; };
		B887517625E0102000DB86D6 /* AVCaptureSession.Preset+descriptor.swift */ = {isa = PBXFileReference; fileEncoding = 4; lastKnownFileType = sourcecode.swift; path = "AVCaptureSession.Preset+descriptor.swift"; sourceTree = "<group>"; };
		B887517725E0102000DB86D6 /* AVCaptureDevice.TorchMode+descriptor.swift */ = {isa = PBXFileReference; fileEncoding = 4; lastKnownFileType = sourcecode.swift; path = "AVCaptureDevice.TorchMode+descriptor.swift"; sourceTree = "<group>"; };
		B887517825E0102000DB86D6 /* AVMetadataObject.ObjectType+descriptor.swift */ = {isa = PBXFileReference; fileEncoding = 4; lastKnownFileType = sourcecode.swift; path = "AVMetadataObject.ObjectType+descriptor.swift"; sourceTree = "<group>"; };
		B887517925E0102000DB86D6 /* AVCapturePhotoOutput.QualityPrioritization+descriptor.swift */ = {isa = PBXFileReference; fileEncoding = 4; lastKnownFileType = sourcecode.swift; path = "AVCapturePhotoOutput.QualityPrioritization+descriptor.swift"; sourceTree = "<group>"; };
		B887517A25E0102000DB86D6 /* AVCaptureDevice.DeviceType+descriptor.swift */ = {isa = PBXFileReference; fileEncoding = 4; lastKnownFileType = sourcecode.swift; path = "AVCaptureDevice.DeviceType+descriptor.swift"; sourceTree = "<group>"; };
		B887517B25E0102000DB86D6 /* AVAuthorizationStatus+descriptor.swift */ = {isa = PBXFileReference; fileEncoding = 4; lastKnownFileType = sourcecode.swift; path = "AVAuthorizationStatus+descriptor.swift"; sourceTree = "<group>"; };
		B887517C25E0102000DB86D6 /* AVCaptureDevice.Position+descriptor.swift */ = {isa = PBXFileReference; fileEncoding = 4; lastKnownFileType = sourcecode.swift; path = "AVCaptureDevice.Position+descriptor.swift"; sourceTree = "<group>"; };
		B887517D25E0102000DB86D6 /* AVCaptureColorSpace+descriptor.swift */ = {isa = PBXFileReference; fileEncoding = 4; lastKnownFileType = sourcecode.swift; path = "AVCaptureColorSpace+descriptor.swift"; sourceTree = "<group>"; };
		B887517E25E0102000DB86D6 /* AVCaptureDevice.FlashMode+descriptor.swift */ = {isa = PBXFileReference; fileEncoding = 4; lastKnownFileType = sourcecode.swift; path = "AVCaptureDevice.FlashMode+descriptor.swift"; sourceTree = "<group>"; };
		B887517F25E0102000DB86D6 /* AVCaptureDevice.Format.AutoFocusSystem+descriptor.swift */ = {isa = PBXFileReference; fileEncoding = 4; lastKnownFileType = sourcecode.swift; path = "AVCaptureDevice.Format.AutoFocusSystem+descriptor.swift"; sourceTree = "<group>"; };
		B887518025E0102000DB86D6 /* CameraView+Focus.swift */ = {isa = PBXFileReference; fileEncoding = 4; lastKnownFileType = sourcecode.swift; path = "CameraView+Focus.swift"; sourceTree = "<group>"; };
		B887518125E0102000DB86D6 /* CameraViewManager.swift */ = {isa = PBXFileReference; fileEncoding = 4; lastKnownFileType = sourcecode.swift; path = CameraViewManager.swift; sourceTree = "<group>"; };
		B887518225E0102000DB86D6 /* CameraView+Zoom.swift */ = {isa = PBXFileReference; fileEncoding = 4; lastKnownFileType = sourcecode.swift; path = "CameraView+Zoom.swift"; sourceTree = "<group>"; };
		B887518325E0102000DB86D6 /* CameraError.swift */ = {isa = PBXFileReference; fileEncoding = 4; lastKnownFileType = sourcecode.swift; path = CameraError.swift; sourceTree = "<group>"; };
		B887518425E0102000DB86D6 /* CameraView.swift */ = {isa = PBXFileReference; fileEncoding = 4; lastKnownFileType = sourcecode.swift; path = CameraView.swift; sourceTree = "<group>"; };
/* End PBXFileReference section */

/* Begin PBXFrameworksBuildPhase section */
		58B511D81A9E6C8500147676 /* Frameworks */ = {
			isa = PBXFrameworksBuildPhase;
			buildActionMask = 2147483647;
			files = (
			);
			runOnlyForDeploymentPostprocessing = 0;
		};
/* End PBXFrameworksBuildPhase section */

/* Begin PBXGroup section */
		134814211AA4EA7D00B7C361 /* Products */ = {
			isa = PBXGroup;
			children = (
				134814201AA4EA6300B7C361 /* libVisionCamera.a */,
			);
			name = Products;
			sourceTree = "<group>";
		};
		58B511D21A9E6C8500147676 = {
			isa = PBXGroup;
			children = (
				B887515E25E0102000DB86D6 /* CameraBridge.h */,
				B887518325E0102000DB86D6 /* CameraError.swift */,
				B887518425E0102000DB86D6 /* CameraView.swift */,
				B887516C25E0102000DB86D6 /* CameraView+CodeScanning.swift */,
				B887518025E0102000DB86D6 /* CameraView+Focus.swift */,
				B887515D25E0102000DB86D6 /* CameraView+RecordVideo.swift */,
				B887517125E0102000DB86D6 /* CameraView+TakePhoto.swift */,
				B887518225E0102000DB86D6 /* CameraView+Zoom.swift */,
				B887515F25E0102000DB86D6 /* CameraViewManager.m */,
				B887518125E0102000DB86D6 /* CameraViewManager.swift */,
				B887516125E0102000DB86D6 /* Extensions */,
				B887517225E0102000DB86D6 /* Parsers */,
				B887515C25E0102000DB86D6 /* PhotoCaptureDelegate.swift */,
				B887516D25E0102000DB86D6 /* React */,
				B887516025E0102000DB86D6 /* VideoCaptureDelegate.swift */,
				134814211AA4EA7D00B7C361 /* Products */,
			);
			sourceTree = "<group>";
		};
		B887516125E0102000DB86D6 /* Extensions */ = {
			isa = PBXGroup;
			children = (
				B887516225E0102000DB86D6 /* Collection+safe.swift */,
				B887516325E0102000DB86D6 /* AVCaptureDevice+neutralZoom.swift */,
				B887516425E0102000DB86D6 /* AVCaptureDevice.Format+isBetterThan.swift */,
				B887516525E0102000DB86D6 /* AVCaptureDevice+isMultiCam.swift */,
				B887516625E0102000DB86D6 /* AVCaptureDevice+physicalDevices.swift */,
				B887516725E0102000DB86D6 /* AVFrameRateRange+includes.swift */,
				B887516825E0102000DB86D6 /* AVCapturePhotoOutput+mirror.swift */,
				B887516925E0102000DB86D6 /* AVCaptureDevice.Format+matchesFilter.swift */,
				B887516A25E0102000DB86D6 /* AVCaptureDevice.Format+toDictionary.swift */,
				B887516B25E0102000DB86D6 /* AVCaptureMovieFileOutput+mirror.swift */,
			);
			path = Extensions;
			sourceTree = "<group>";
		};
		B887516D25E0102000DB86D6 /* React */ = {
			isa = PBXGroup;
			children = (
				B887516E25E0102000DB86D6 /* MakeReactError.swift */,
				B887516F25E0102000DB86D6 /* ReactLogger.swift */,
				B887517025E0102000DB86D6 /* Promise.swift */,
			);
			path = React;
			sourceTree = "<group>";
		};
		B887517225E0102000DB86D6 /* Parsers */ = {
			isa = PBXGroup;
			children = (
				B887517325E0102000DB86D6 /* EnumParserError.swift */,
				B887517425E0102000DB86D6 /* AVCaptureVideoStabilizationMode+descriptor.swift */,
				B887517525E0102000DB86D6 /* AVVideoCodecType+descriptor.swift */,
				B887517625E0102000DB86D6 /* AVCaptureSession.Preset+descriptor.swift */,
				B887517725E0102000DB86D6 /* AVCaptureDevice.TorchMode+descriptor.swift */,
				B887517825E0102000DB86D6 /* AVMetadataObject.ObjectType+descriptor.swift */,
				B887517925E0102000DB86D6 /* AVCapturePhotoOutput.QualityPrioritization+descriptor.swift */,
				B887517A25E0102000DB86D6 /* AVCaptureDevice.DeviceType+descriptor.swift */,
				B887517B25E0102000DB86D6 /* AVAuthorizationStatus+descriptor.swift */,
				B887517C25E0102000DB86D6 /* AVCaptureDevice.Position+descriptor.swift */,
				B887517D25E0102000DB86D6 /* AVCaptureColorSpace+descriptor.swift */,
				B887517E25E0102000DB86D6 /* AVCaptureDevice.FlashMode+descriptor.swift */,
				B887517F25E0102000DB86D6 /* AVCaptureDevice.Format.AutoFocusSystem+descriptor.swift */,
			);
			path = Parsers;
			sourceTree = "<group>";
		};
/* End PBXGroup section */

/* Begin PBXNativeTarget section */
		58B511DA1A9E6C8500147676 /* VisionCamera */ = {
			isa = PBXNativeTarget;
			buildConfigurationList = 58B511EF1A9E6C8500147676 /* Build configuration list for PBXNativeTarget "VisionCamera" */;
			buildPhases = (
				58B511D71A9E6C8500147676 /* Sources */,
				58B511D81A9E6C8500147676 /* Frameworks */,
				58B511D91A9E6C8500147676 /* CopyFiles */,
			);
			buildRules = (
			);
			dependencies = (
			);
			name = VisionCamera;
			productName = RCTDataManager;
			productReference = 134814201AA4EA6300B7C361 /* libVisionCamera.a */;
			productType = "com.apple.product-type.library.static";
		};
/* End PBXNativeTarget section */

/* Begin PBXProject section */
		58B511D31A9E6C8500147676 /* Project object */ = {
			isa = PBXProject;
			attributes = {
				LastUpgradeCheck = 0920;
				ORGANIZATIONNAME = Facebook;
				TargetAttributes = {
					58B511DA1A9E6C8500147676 = {
						CreatedOnToolsVersion = 6.1.1;
					};
				};
			};
			buildConfigurationList = 58B511D61A9E6C8500147676 /* Build configuration list for PBXProject "VisionCamera" */;
			compatibilityVersion = "Xcode 3.2";
			developmentRegion = English;
			hasScannedForEncodings = 0;
			knownRegions = (
				English,
				en,
			);
			mainGroup = 58B511D21A9E6C8500147676;
			productRefGroup = 58B511D21A9E6C8500147676;
			projectDirPath = "";
			projectRoot = "";
			targets = (
				58B511DA1A9E6C8500147676 /* VisionCamera */,
			);
		};
/* End PBXProject section */

/* Begin PBXSourcesBuildPhase section */
		58B511D71A9E6C8500147676 /* Sources */ = {
			isa = PBXSourcesBuildPhase;
			buildActionMask = 2147483647;
			files = (
				B887518625E0102000DB86D6 /* CameraView+RecordVideo.swift in Sources */,
				B88751A225E0102000DB86D6 /* AVCaptureColorSpace+descriptor.swift in Sources */,
				B887518925E0102000DB86D6 /* Collection+safe.swift in Sources */,
				B887519125E0102000DB86D6 /* AVCaptureDevice.Format+toDictionary.swift in Sources */,
				B887519725E0102000DB86D6 /* CameraView+TakePhoto.swift in Sources */,
				B887519825E0102000DB86D6 /* EnumParserError.swift in Sources */,
				B887518C25E0102000DB86D6 /* AVCaptureDevice+isMultiCam.swift in Sources */,
				B887518D25E0102000DB86D6 /* AVCaptureDevice+physicalDevices.swift in Sources */,
				B887519625E0102000DB86D6 /* Promise.swift in Sources */,
				B887518725E0102000DB86D6 /* CameraViewManager.m in Sources */,
				B88751A925E0102000DB86D6 /* CameraView.swift in Sources */,
				B887519925E0102000DB86D6 /* AVCaptureVideoStabilizationMode+descriptor.swift in Sources */,
				B887519425E0102000DB86D6 /* MakeReactError.swift in Sources */,
				B887519525E0102000DB86D6 /* ReactLogger.swift in Sources */,
				B887519B25E0102000DB86D6 /* AVCaptureSession.Preset+descriptor.swift in Sources */,
				B88751A725E0102000DB86D6 /* CameraView+Zoom.swift in Sources */,
				B887518525E0102000DB86D6 /* PhotoCaptureDelegate.swift in Sources */,
				B887519D25E0102000DB86D6 /* AVMetadataObject.ObjectType+descriptor.swift in Sources */,
				B887518B25E0102000DB86D6 /* AVCaptureDevice.Format+isBetterThan.swift in Sources */,
				B887518E25E0102000DB86D6 /* AVFrameRateRange+includes.swift in Sources */,
				B88751A125E0102000DB86D6 /* AVCaptureDevice.Position+descriptor.swift in Sources */,
				B887518A25E0102000DB86D6 /* AVCaptureDevice+neutralZoom.swift in Sources */,
				B88751A325E0102000DB86D6 /* AVCaptureDevice.FlashMode+descriptor.swift in Sources */,
				B887519A25E0102000DB86D6 /* AVVideoCodecType+descriptor.swift in Sources */,
				B88751A825E0102000DB86D6 /* CameraError.swift in Sources */,
				B887519225E0102000DB86D6 /* AVCaptureMovieFileOutput+mirror.swift in Sources */,
				B88751A625E0102000DB86D6 /* CameraViewManager.swift in Sources */,
				B887519F25E0102000DB86D6 /* AVCaptureDevice.DeviceType+descriptor.swift in Sources */,
				B887519025E0102000DB86D6 /* AVCaptureDevice.Format+matchesFilter.swift in Sources */,
				B887518F25E0102000DB86D6 /* AVCapturePhotoOutput+mirror.swift in Sources */,
				B88751A425E0102000DB86D6 /* AVCaptureDevice.Format.AutoFocusSystem+descriptor.swift in Sources */,
				B88751A025E0102000DB86D6 /* AVAuthorizationStatus+descriptor.swift in Sources */,
				B887519C25E0102000DB86D6 /* AVCaptureDevice.TorchMode+descriptor.swift in Sources */,
				B88751A525E0102000DB86D6 /* CameraView+Focus.swift in Sources */,
				B887519325E0102000DB86D6 /* CameraView+CodeScanning.swift in Sources */,
				B887519E25E0102000DB86D6 /* AVCapturePhotoOutput.QualityPrioritization+descriptor.swift in Sources */,
				B887518825E0102000DB86D6 /* VideoCaptureDelegate.swift in Sources */,
			);
			runOnlyForDeploymentPostprocessing = 0;
		};
/* End PBXSourcesBuildPhase section */

/* Begin XCBuildConfiguration section */
		58B511ED1A9E6C8500147676 /* Debug */ = {
			isa = XCBuildConfiguration;
			buildSettings = {
				ALWAYS_SEARCH_USER_PATHS = NO;
				CLANG_CXX_LANGUAGE_STANDARD = "gnu++0x";
				CLANG_CXX_LIBRARY = "libc++";
				CLANG_ENABLE_MODULES = YES;
				CLANG_ENABLE_OBJC_ARC = YES;
				CLANG_WARN_BLOCK_CAPTURE_AUTORELEASING = YES;
				CLANG_WARN_BOOL_CONVERSION = YES;
				CLANG_WARN_COMMA = YES;
				CLANG_WARN_CONSTANT_CONVERSION = YES;
				CLANG_WARN_DIRECT_OBJC_ISA_USAGE = YES_ERROR;
				CLANG_WARN_EMPTY_BODY = YES;
				CLANG_WARN_ENUM_CONVERSION = YES;
				CLANG_WARN_INFINITE_RECURSION = YES;
				CLANG_WARN_INT_CONVERSION = YES;
				CLANG_WARN_NON_LITERAL_NULL_CONVERSION = YES;
				CLANG_WARN_OBJC_LITERAL_CONVERSION = YES;
				CLANG_WARN_OBJC_ROOT_CLASS = YES_ERROR;
				CLANG_WARN_RANGE_LOOP_ANALYSIS = YES;
				CLANG_WARN_STRICT_PROTOTYPES = YES;
				CLANG_WARN_SUSPICIOUS_MOVE = YES;
				CLANG_WARN_UNREACHABLE_CODE = YES;
				CLANG_WARN__DUPLICATE_METHOD_MATCH = YES;
				COPY_PHASE_STRIP = NO;
				ENABLE_STRICT_OBJC_MSGSEND = YES;
				ENABLE_TESTABILITY = YES;
				GCC_C_LANGUAGE_STANDARD = gnu99;
				GCC_DYNAMIC_NO_PIC = NO;
				GCC_NO_COMMON_BLOCKS = YES;
				GCC_OPTIMIZATION_LEVEL = 0;
				GCC_PREPROCESSOR_DEFINITIONS = (
					"DEBUG=1",
					"$(inherited)",
				);
				GCC_SYMBOLS_PRIVATE_EXTERN = NO;
				GCC_WARN_64_TO_32_BIT_CONVERSION = YES;
				GCC_WARN_ABOUT_RETURN_TYPE = YES_ERROR;
				GCC_WARN_UNDECLARED_SELECTOR = YES;
				GCC_WARN_UNINITIALIZED_AUTOS = YES_AGGRESSIVE;
				GCC_WARN_UNUSED_FUNCTION = YES;
				GCC_WARN_UNUSED_VARIABLE = YES;
				IPHONEOS_DEPLOYMENT_TARGET = 9.0;
				MTL_ENABLE_DEBUG_INFO = YES;
				ONLY_ACTIVE_ARCH = YES;
				SDKROOT = iphoneos;
			};
			name = Debug;
		};
		58B511EE1A9E6C8500147676 /* Release */ = {
			isa = XCBuildConfiguration;
			buildSettings = {
				ALWAYS_SEARCH_USER_PATHS = NO;
				CLANG_CXX_LANGUAGE_STANDARD = "gnu++0x";
				CLANG_CXX_LIBRARY = "libc++";
				CLANG_ENABLE_MODULES = YES;
				CLANG_ENABLE_OBJC_ARC = YES;
				CLANG_WARN_BLOCK_CAPTURE_AUTORELEASING = YES;
				CLANG_WARN_BOOL_CONVERSION = YES;
				CLANG_WARN_COMMA = YES;
				CLANG_WARN_CONSTANT_CONVERSION = YES;
				CLANG_WARN_DIRECT_OBJC_ISA_USAGE = YES_ERROR;
				CLANG_WARN_EMPTY_BODY = YES;
				CLANG_WARN_ENUM_CONVERSION = YES;
				CLANG_WARN_INFINITE_RECURSION = YES;
				CLANG_WARN_INT_CONVERSION = YES;
				CLANG_WARN_NON_LITERAL_NULL_CONVERSION = YES;
				CLANG_WARN_OBJC_LITERAL_CONVERSION = YES;
				CLANG_WARN_OBJC_ROOT_CLASS = YES_ERROR;
				CLANG_WARN_RANGE_LOOP_ANALYSIS = YES;
				CLANG_WARN_STRICT_PROTOTYPES = YES;
				CLANG_WARN_SUSPICIOUS_MOVE = YES;
				CLANG_WARN_UNREACHABLE_CODE = YES;
				CLANG_WARN__DUPLICATE_METHOD_MATCH = YES;
				COPY_PHASE_STRIP = YES;
				ENABLE_NS_ASSERTIONS = NO;
				ENABLE_STRICT_OBJC_MSGSEND = YES;
				GCC_C_LANGUAGE_STANDARD = gnu99;
				GCC_NO_COMMON_BLOCKS = YES;
				GCC_WARN_64_TO_32_BIT_CONVERSION = YES;
				GCC_WARN_ABOUT_RETURN_TYPE = YES_ERROR;
				GCC_WARN_UNDECLARED_SELECTOR = YES;
				GCC_WARN_UNINITIALIZED_AUTOS = YES_AGGRESSIVE;
				GCC_WARN_UNUSED_FUNCTION = YES;
				GCC_WARN_UNUSED_VARIABLE = YES;
				IPHONEOS_DEPLOYMENT_TARGET = 9.0;
				MTL_ENABLE_DEBUG_INFO = NO;
				SDKROOT = iphoneos;
				VALIDATE_PRODUCT = YES;
			};
			name = Release;
		};
		58B511F01A9E6C8500147676 /* Debug */ = {
			isa = XCBuildConfiguration;
			buildSettings = {
				HEADER_SEARCH_PATHS = (
					"$(inherited)",
					/Applications/Xcode.app/Contents/Developer/Toolchains/XcodeDefault.xctoolchain/usr/include,
					"$(SRCROOT)/../../../React/**",
					"$(SRCROOT)/../../react-native/React/**",
				);
				LIBRARY_SEARCH_PATHS = "$(inherited)";
				OTHER_LDFLAGS = "-ObjC";
				PRODUCT_NAME = VisionCamera;
				SKIP_INSTALL = YES;
				SWIFT_OBJC_BRIDGING_HEADER = CameraBridge.h;
				SWIFT_OPTIMIZATION_LEVEL = "-Onone";
				SWIFT_VERSION = 5.0;
			};
			name = Debug;
		};
		58B511F11A9E6C8500147676 /* Release */ = {
			isa = XCBuildConfiguration;
			buildSettings = {
				HEADER_SEARCH_PATHS = (
					"$(inherited)",
					/Applications/Xcode.app/Contents/Developer/Toolchains/XcodeDefault.xctoolchain/usr/include,
					"$(SRCROOT)/../../../React/**",
					"$(SRCROOT)/../../react-native/React/**",
				);
				LIBRARY_SEARCH_PATHS = "$(inherited)";
				OTHER_LDFLAGS = "-ObjC";
				PRODUCT_NAME = VisionCamera;
				SKIP_INSTALL = YES;
				SWIFT_OBJC_BRIDGING_HEADER = CameraBridge.h;
				SWIFT_VERSION = 5.0;
			};
			name = Release;
		};
/* End XCBuildConfiguration section */

/* Begin XCConfigurationList section */
		58B511D61A9E6C8500147676 /* Build configuration list for PBXProject "VisionCamera" */ = {
			isa = XCConfigurationList;
			buildConfigurations = (
				58B511ED1A9E6C8500147676 /* Debug */,
				58B511EE1A9E6C8500147676 /* Release */,
			);
			defaultConfigurationIsVisible = 0;
			defaultConfigurationName = Release;
		};
		58B511EF1A9E6C8500147676 /* Build configuration list for PBXNativeTarget "VisionCamera" */ = {
			isa = XCConfigurationList;
			buildConfigurations = (
				58B511F01A9E6C8500147676 /* Debug */,
				58B511F11A9E6C8500147676 /* Release */,
			);
			defaultConfigurationIsVisible = 0;
			defaultConfigurationName = Release;
		};
/* End XCConfigurationList section */
	};
	rootObject = 58B511D31A9E6C8500147676 /* Project object */;
}
